# @generated - this file is auto-generated by `mise lock` https://mise.jdx.dev/dev-tools/mise-lock.html

lockfile_version = 2

[[tools."aqua:BurntSushi/ripgrep"]]
version = "15.2.0"
backend = "aqua:BurntSushi/ripgrep"
specifiers = ["latest"]

[tools."aqua:BurntSushi/ripgrep"."platforms.windows-x64"]
checksum = "sha256:71b2fef860abe467217a538ff31de02f5258807c0129f771846f87bd029aafc5"
url = "https://github.com/BurntSushi/ripgrep/releases/download/15.2.0/ripgrep-15.2.0-x86_64-pc-windows-msvc.zip"
url_api = "https://api.github.com/repos/BurntSushi/ripgrep/releases/assets/478119643"

[[tools."aqua:Byron/dua-cli"]]
version = "2.45.0"
backend = "aqua:Byron/dua-cli"
specifiers = ["latest"]

[tools."aqua:Byron/dua-cli"."platforms.linux-x64"]
checksum = "sha256:d0b972f5bbcab2260db791bae3796f61f22d6df7f1b3707aeb2eed9aa281e4cd"
url = "https://github.com/Byron/dua-cli/releases/download/v2.45.0/dua-v2.45.0-x86_64-unknown-linux-musl.tar.gz"
url_api = "https://api.github.com/repos/Byron/dua-cli/releases/assets/559562844"
provenance = "github-attestations"

[tools."aqua:Byron/dua-cli"."platforms.macos-arm64"]
checksum = "sha256:2b7bdeae33a856cd2e5986b21c76758dca48ba1f688af77f58bec08294fac2f8"
url = "https://github.com/Byron/dua-cli/releases/download/v2.45.0/dua-v2.45.0-aarch64-apple-darwin.tar.gz"
url_api = "https://api.github.com/repos/Byron/dua-cli/releases/assets/559564118"
provenance = "github-attestations"

[[tools."aqua:LuaLS/lua-language-server"]]
version = "3.19.1"
backend = "aqua:LuaLS/lua-language-server"
specifiers = ["latest"]

[tools."aqua:LuaLS/lua-language-server"."platforms.linux-x64"]
checksum = "sha256:e9235d2d72ef55bc41cf8c99cda2ed64777682024b4bb81f5dea425060c5cbb8"
url = "https://github.com/LuaLS/lua-language-server/releases/download/3.19.1/lua-language-server-3.19.1-linux-x64.tar.gz"
url_api = "https://api.github.com/repos/LuaLS/lua-language-server/releases/assets/513572259"

[tools."aqua:LuaLS/lua-language-server"."platforms.macos-arm64"]
checksum = "sha256:0bc077f4447f076b4c92c14e9fd303f5b569eda2ec74b4dca2b55f75fae2e90c"
url = "https://github.com/LuaLS/lua-language-server/releases/download/3.19.1/lua-language-server-3.19.1-darwin-arm64.tar.gz"
url_api = "https://api.github.com/repos/LuaLS/lua-language-server/releases/assets/513570627"

[[tools."aqua:Myriad-Dreamin/tinymist"]]
version = "0.15.8"
backend = "aqua:Myriad-Dreamin/tinymist"
specifiers = ["latest"]

[tools."aqua:Myriad-Dreamin/tinymist"."platforms.linux-x64"]
checksum = "sha256:781fcd7ccfa099d886f0a227def422595979febe77cbaf4b42f7c66cb746be1d"
url = "https://github.com/Myriad-Dreamin/tinymist/releases/download/v0.15.8/tinymist-linux-x64"
url_api = "https://api.github.com/repos/Myriad-Dreamin/tinymist/releases/assets/550353764"

[tools."aqua:Myriad-Dreamin/tinymist"."platforms.macos-arm64"]
checksum = "sha256:e736c3d045a588648561ab8419f9bbce4841636a0080c0ce6fa77c557c8d47c9"
url = "https://github.com/Myriad-Dreamin/tinymist/releases/download/v0.15.8/tinymist-darwin-arm64"
url_api = "https://api.github.com/repos/Myriad-Dreamin/tinymist/releases/assets/550354171"

[[tools."aqua:Wilfred/difftastic"]]
version = "0.71.0"
backend = "aqua:Wilfred/difftastic"
specifiers = ["latest"]

[tools."aqua:Wilfred/difftastic"."platforms.linux-x64"]
checksum = "sha256:61aea5394a53c56f144637cf39b3a0c0dafa27769731745e5851ff276e6478da"
url = "https://github.com/Wilfred/difftastic/releases/download/0.71.0/difft-0.71.0-x86_64-unknown-linux-gnu.tar.gz"
url_api = "https://api.github.com/repos/Wilfred/difftastic/releases/assets/573539079"

[tools."aqua:Wilfred/difftastic"."platforms.macos-arm64"]
checksum = "sha256:92acf8890543b6d6f436a87a7a5ec64f82a4b8dbe3a7e564c1e5cbfe60823bc7"
url = "https://github.com/Wilfred/difftastic/releases/download/0.71.0/difft-0.71.0-aarch64-apple-darwin.tar.gz"
url_api = "https://api.github.com/repos/Wilfred/difftastic/releases/assets/573540714"

[[tools."aqua:antonmedv/fx"]]
version = "39.2.0"
backend = "aqua:antonmedv/fx"
specifiers = ["latest"]

[tools."aqua:antonmedv/fx"."platforms.linux-x64"]
checksum = "sha256:17ea6549c7cf0b8be5ec109d04da7fbf1d5de9f7b99d957a6215081933528afe"
url = "https://github.com/antonmedv/fx/releases/download/39.2.0/fx_linux_amd64"
url_api = "https://api.github.com/repos/antonmedv/fx/releases/assets/315468989"

[tools."aqua:antonmedv/fx"."platforms.macos-arm64"]
checksum = "sha256:5d7dadbf8ac4e4a55b5b6d31bdd958b90823292997ba9ddae395f66417bb4a9b"
url = "https://github.com/antonmedv/fx/releases/download/39.2.0/fx_darwin_arm64"
url_api = "https://api.github.com/repos/antonmedv/fx/releases/assets/315468988"

[[tools."aqua:cargo-bins/cargo-binstall"]]
version = "1.24.0"
backend = "aqua:cargo-bins/cargo-binstall"
specifiers = ["latest"]

[tools."aqua:cargo-bins/cargo-binstall"."platforms.linux-arm64"]
checksum = "sha256:fa5d4362758d13c38c6630260528c895b535e96afeed08ed7003caf722524ab9"
url = "https://github.com/cargo-bins/cargo-binstall/releases/download/v1.24.0/cargo-binstall-aarch64-unknown-linux-gnu.tgz"
url_api = "https://api.github.com/repos/cargo-bins/cargo-binstall/releases/assets/590639427"
provenance = "github-attestations"

[tools."aqua:cargo-bins/cargo-binstall"."platforms.linux-arm64-musl"]
checksum = "sha256:c2c44aba65d402ac43ee821387c49246bc574bde65d3d7f0f7a9e666c5a69f7f"
url = "https://github.com/cargo-bins/cargo-binstall/releases/download/v1.24.0/cargo-binstall-aarch64-unknown-linux-musl.tgz"
url_api = "https://api.github.com/repos/cargo-bins/cargo-binstall/releases/assets/590639354"
provenance = "github-attestations"

[tools."aqua:cargo-bins/cargo-binstall"."platforms.linux-x64"]
checksum = "sha256:ab139b59b86ce14baf9a8da0592dd4c73fdc8b8a7d74a9746881bd68d411f4d8"
url = "https://github.com/cargo-bins/cargo-binstall/releases/download/v1.24.0/cargo-binstall-x86_64-unknown-linux-gnu.tgz"
url_api = "https://api.github.com/repos/cargo-bins/cargo-binstall/releases/assets/590638764"
provenance = "github-attestations"

[tools."aqua:cargo-bins/cargo-binstall"."platforms.linux-x64-musl"]
checksum = "sha256:7ffe1832c4bc3148d00f02d51c1d96c9cccdec76a0fa20e6e5692201d78bcc0b"
url = "https://github.com/cargo-bins/cargo-binstall/releases/download/v1.24.0/cargo-binstall-x86_64-unknown-linux-musl.tgz"
url_api = "https://api.github.com/repos/cargo-bins/cargo-binstall/releases/assets/590638693"
provenance = "github-attestations"

[tools."aqua:cargo-bins/cargo-binstall"."platforms.macos-arm64"]
checksum = "sha256:aa3ad3ba751c6fad85d83bf4aa7a114e4e04372de439a62cd7cad3c4025bdbbe"
url = "https://github.com/cargo-bins/cargo-binstall/releases/download/v1.24.0/cargo-binstall-aarch64-apple-darwin.zip"
url_api = "https://api.github.com/repos/cargo-bins/cargo-binstall/releases/assets/590639619"
provenance = "github-attestations"

[tools."aqua:cargo-bins/cargo-binstall"."platforms.macos-x64"]
checksum = "sha256:082b204980c8c3f1f3dc109a9c937c6e0604c2f754b50059cc5cc912e80a39c2"
url = "https://github.com/cargo-bins/cargo-binstall/releases/download/v1.24.0/cargo-binstall-x86_64-apple-darwin.zip"
url_api = "https://api.github.com/repos/cargo-bins/cargo-binstall/releases/assets/590638908"
provenance = "github-attestations"

[tools."aqua:cargo-bins/cargo-binstall"."platforms.windows-x64"]
checksum = "sha256:d03e0b721aa770228210e6b65ed66d2c3fa9dbfb096160906ebd4b82e7bfa1fa"
url = "https://github.com/cargo-bins/cargo-binstall/releases/download/v1.24.0/cargo-binstall-x86_64-pc-windows-msvc.zip"
url_api = "https://api.github.com/repos/cargo-bins/cargo-binstall/releases/assets/590638843"
provenance = "github-attestations"

[[tools."aqua:getzola/zola"]]
version = "0.21.0"
backend = "aqua:getzola/zola"
specifiers = ["0.21.0"]

[tools."aqua:getzola/zola"."platforms.linux-x64"]
checksum = "sha256:5c37a8f706567d6cad3f0dbc0eaebe3b9591cc301bd67089e5ddc0d0401732d6"
url = "https://github.com/getzola/zola/releases/download/v0.21.0/zola-v0.21.0-x86_64-unknown-linux-gnu.tar.gz"
url_api = "https://api.github.com/repos/getzola/zola/releases/assets/272846894"
provenance = "github-attestations"

[tools."aqua:getzola/zola"."platforms.macos-arm64"]
checksum = "sha256:5fa8d33c82ee9990cb41020bff0ce40caf98fe4e46d38fdf2740a81a6c78efda"
url = "https://github.com/getzola/zola/releases/download/v0.21.0/zola-v0.21.0-aarch64-apple-darwin.tar.gz"
url_api = "https://api.github.com/repos/getzola/zola/releases/assets/272846895"
provenance = "github-attestations"

[[tools."aqua:lima-vm/lima"]]
version = "2.2.0"
backend = "aqua:lima-vm/lima"
specifiers = ["latest"]

[tools."aqua:lima-vm/lima"."platforms.linux-x64"]
checksum = "sha256:a0ea1ccf6b7335a900adb5f8d2b8384457965fecb1ba72f09b4e3e46d12f424a"
url = "https://github.com/lima-vm/lima/releases/download/v2.2.0/lima-2.2.0-Linux-x86_64.tar.gz"
url_api = "https://api.github.com/repos/lima-vm/lima/releases/assets/484813993"
provenance = "github-attestations"

[tools."aqua:lima-vm/lima"."platforms.macos-arm64"]
checksum = "sha256:bbdef91774885a0d05f7b048c4eb89ae2bcf3a0c252ae7ca7934e63df76d93c3"
url = "https://github.com/lima-vm/lima/releases/download/v2.2.0/lima-2.2.0-Darwin-arm64.tar.gz"
url_api = "https://api.github.com/repos/lima-vm/lima/releases/assets/484813994"
provenance = "github-attestations"

[[tools."aqua:mvdan/sh"]]
version = "3.14.1"
backend = "aqua:mvdan/sh"
specifiers = ["latest"]

[tools."aqua:mvdan/sh".options]
"vars.filter_bins" = "shfmt"

[tools."aqua:mvdan/sh"."platforms.windows-x64"]
checksum = "sha256:13629ce28442ca80b6b5a819f7574ab39e1c28c6e26734ca816c9714e04851df"
url = "https://github.com/mvdan/sh/releases/download/v3.14.1/shfmt_v3.14.1_windows_amd64.exe"
url_api = "https://api.github.com/repos/mvdan/sh/releases/assets/547320827"
[[tools."aqua:pnpm/pnpm"]]
version = "12.8.1"
backend = "aqua:pnpm/pnpm"
specifiers = ["latest"]

[tools."aqua:pnpm/pnpm"."platforms.linux-x64"]
checksum = "sha256:db3906881f63e41b655e3b97d473603dc26326c2470d0b1b8083689e1bcbd1e8"
url = "https://github.com/pnpm/pnpm/releases/download/v12.8.1/pnpm-linux-x64.tar.gz"
url_api = "https://api.github.com/repos/pnpm/pnpm/releases/assets/595935887"
provenance = "github-attestations"

[tools."aqua:pnpm/pnpm"."platforms.macos-arm64"]
checksum = "sha256:8eeeae4cd714b2f1755750d303f5b1bcfe23d95ed7245536305d0c3877c5ce41"
url = "https://github.com/pnpm/pnpm/releases/download/v12.8.1/pnpm-darwin-arm64.tar.gz"
url_api = "https://api.github.com/repos/pnpm/pnpm/releases/assets/595935883"
provenance = "github-attestations"

[[tools."asdf:mise-plugins/mise-clojure"]]
version = "1.12.6.1673"
backend = "asdf:mise-plugins/mise-clojure"
specifiers = ["latest"]

[[tools."cargo:broot"]]
version = "1.60.2"
backend = "cargo:broot"
specifiers = ["latest"]

[[tools."cargo:cargo-outdated"]]
version = "0.19.0"
backend = "cargo:cargo-outdated"
specifiers = ["latest"]

[[tools."cargo:cargo-sweep"]]
version = "0.8.0"
backend = "cargo:cargo-sweep"
specifiers = ["latest"]

[[tools."cargo:counts"]]
version = "1.0.7"
backend = "cargo:counts"
specifiers = ["latest"]

[[tools."cargo:https://github.com/jj-vcs/jj"]]
version = "rev:f1b29bced933e289096a9c98276153e29dd95674"
backend = "cargo:https://github.com/jj-vcs/jj"
specifiers = ["rev:f1b29bced933e289096a9c98276153e29dd95674"]

[tools."cargo:https://github.com/jj-vcs/jj".options]
bin = "jj"
crate = "jj-cli"

[[tools."cargo:librespot"]]
version = "0.8.0"
backend = "cargo:librespot"
specifiers = ["latest"]

[[tools."cargo:mdbook"]]
version = "0.5.4"
backend = "cargo:mdbook"
specifiers = ["latest"]

[[tools."github:clojure-lsp/clojure-lsp"]]
version = "2026.07.06-14.34.19"
backend = "github:clojure-lsp/clojure-lsp"
specifiers = ["latest"]

[tools."github:clojure-lsp/clojure-lsp"."platforms.linux-x64"]
checksum = "sha256:520f724ee02f4b3ecb225395a7a5a4ccad3878d6d1418240cd9636afcf9b858e"
url = "https://github.com/clojure-lsp/clojure-lsp/releases/download/2026.07.06-14.34.19/clojure-lsp-native-linux-amd64.zip"
url_api = "https://api.github.com/repos/clojure-lsp/clojure-lsp/releases/assets/468187255"

[tools."github:clojure-lsp/clojure-lsp"."platforms.macos-arm64"]
checksum = "sha256:dd9a8e36add53b8d8166bb3d7580c6e5563401aea87b62600786af2e7d37ccde"
url = "https://github.com/clojure-lsp/clojure-lsp/releases/download/2026.07.06-14.34.19/clojure-lsp-native-macos-aarch64.zip"
url_api = "https://api.github.com/repos/clojure-lsp/clojure-lsp/releases/assets/468187564"

[[tools."github:glide-browser/glide"]]
version = "0.1.64a"
backend = "github:glide-browser/glide"
specifiers = ["latest"]

[tools."github:glide-browser/glide"."platforms.linux-x64"]
checksum = "sha256:1f97b0a3d19b59ba64145b00011774147c43f405d4f037386a5bcda9aea530fd"
url = "https://github.com/glide-browser/glide/releases/download/0.1.64a/glide.linux-x86_64.tar.xz"
url_api = "https://api.github.com/repos/glide-browser/glide/releases/assets/546814321"
provenance = "github-attestations"

[tools."github:glide-browser/glide"."platforms.macos-arm64"]
checksum = "sha256:b21c9f1feed02bd6faa61d7ede34b35b53f454c35730583ad24966163e1765f4"
url = "https://github.com/glide-browser/glide/releases/download/0.1.64a/macos-aarch64.mar"
url_api = "https://api.github.com/repos/glide-browser/glide/releases/assets/546814756"
provenance = "github-attestations"

[[tools."github:rustsec/rustsec"]]
version = "0.22.2"
backend = "github:rustsec/rustsec"
specifiers = ["latest"]

[tools."github:rustsec/rustsec".options]
matching = "cargo-audit-"
version_prefix = "cargo-audit/v"

[tools."github:rustsec/rustsec"."platforms.linux-x64"]
checksum = "sha256:ab28a1bdb54db4d5d8ad5981cf1f959410370b3d28250dbd35f6a44248620e39"
url = "https://github.com/rustsec/rustsec/releases/download/cargo-audit/v0.22.2/cargo-audit-x86_64-unknown-linux-gnu-v0.22.2.tgz"
url_api = "https://api.github.com/repos/rustsec/rustsec/releases/assets/439291614"

[tools."github:rustsec/rustsec"."platforms.macos-arm64"]
checksum = "sha256:ec7ca4263769593df4d909be85b94a6b79efa2897be5d2bb8ebd516e823175af"
url = "https://github.com/rustsec/rustsec/releases/download/cargo-audit/v0.22.2/cargo-audit-aarch64-apple-darwin-v0.22.2.tgz"
url_api = "https://api.github.com/repos/rustsec/rustsec/releases/assets/439291477"

[[tools.node]]
version = "24.21.0"
backend = "core:node"
specifiers = ["lts"]

[tools.node."platforms.linux-arm64"]
checksum = "sha256:724282c3b43aec998aa9527380465b45d229e021b58035f5f4f63095eabfe5d5"
url = "https://nodejs.org/dist/v24.21.0/node-v24.21.0-linux-arm64.tar.gz"

[tools.node."platforms.linux-arm64-musl"]
checksum = "sha256:3048b0811e158ca0d8672b59c839861763e144492980d8d29b369dfee45747e4"
url = "https://unofficial-builds.nodejs.org/download/release/v24.21.0/node-v24.21.0-linux-arm64-musl.tar.gz"

[tools.node."platforms.linux-x64"]
checksum = "sha256:6e1db87ef58b8819e5d5402eff1536491b18edd8eb7bee5ef7897876e88dc5ff"
url = "https://nodejs.org/dist/v24.21.0/node-v24.21.0-linux-x64.tar.gz"

[tools.node."platforms.linux-x64-musl"]
checksum = "sha256:01a713e34da98e7b4d2a3191ee7ca3f93dd0384d1a2ef23c379b2161ee6e133a"
url = "https://unofficial-builds.nodejs.org/download/release/v24.21.0/node-v24.21.0-linux-x64-musl.tar.gz"

[tools.node."platforms.macos-arm64"]
checksum = "sha256:bed7eea5325e1108f32ce5228ddd6a5f0f08a499ee42aa7442aea583702f6057"
url = "https://nodejs.org/dist/v24.21.0/node-v24.21.0-darwin-arm64.tar.gz"

[tools.node."platforms.macos-x64"]
checksum = "sha256:1462cb3b3046b815cf8ea436d3da450ec1a9f11dac7e5a46b0ada5305d7e8097"
url = "https://nodejs.org/dist/v24.21.0/node-v24.21.0-darwin-x64.tar.gz"

[tools.node."platforms.windows-x64"]
checksum = "sha256:158f7685b44de51f6c0df1d153526cbcd3e1bc739a8dfc607721cef75de9e541"
url = "https://nodejs.org/dist/v24.21.0/node-v24.21.0-win-x64.zip"

[[tools."npm:bash-language-server"]]
version = "5.8.1"
backend = "npm:bash-language-server"
specifiers = ["latest"]

[[tools."npm:oxlint"]]
version = "1.86.0"
backend = "npm:oxlint"
specifiers = ["latest"]

[[tools."npm:perlnavigator-server"]]
version = "0.8.20"
backend = "npm:perlnavigator-server"
specifiers = ["latest"]

[[tools."npm:typescript-language-server"]]
version = "6.0.1"
backend = "npm:typescript-language-server"
specifiers = ["latest"]

[[tools."npm:vscode-langservers-extracted"]]
version = "4.10.0"
backend = "npm:vscode-langservers-extracted"
specifiers = ["latest"]

[[tools."pipx:git-revise"]]
version = "0.8.0"
backend = "pipx:git-revise"
specifiers = ["latest"]

[[tools."pipx:pylint"]]
version = "4.0.9"
backend = "pipx:pylint"
specifiers = ["latest"]
uv = { path = ".mise/locks/pipx-pylint/4.0.9", digest = "sha256:5721e4c8505994d191f23677b6cb9cab61e2ddaa4031c1b2e964df68bfbfba87" }

[[tools."pipx:yt-dlp"]]
version = "2026.8.19"
backend = "pipx:yt-dlp"
specifiers = ["latest"]
uv = { path = ".mise/locks/pipx-yt-dlp/2026.8.19", digest = "sha256:257673f14e504ada34a1db17a8d0dba4488d0d01e1dc23f3267c884147310f2d" }

[[tools.python]]
version = "3.14.7"
backend = "core:python"
specifiers = ["latest"]

[tools.python."platforms.linux-arm64"]
checksum = "sha256:9b8bd45d06fc3fcdc56f2713a62535fe1c019816461ae87c170dd56184dd3f4d"
url = "https://github.com/astral-sh/python-build-standalone/releases/download/20260929/cpython-3.14.7+20260929-aarch64-unknown-linux-gnu-install_only_stripped.tar.gz"
provenance = "github-attestations"

[tools.python."platforms.linux-arm64-musl"]
checksum = "sha256:4cfa7844ab77ef43bd8e3579e1a33d21a1551e6f20f73b101973e745b24687ce"
url = "https://github.com/astral-sh/python-build-standalone/releases/download/20260929/cpython-3.14.7+20260929-aarch64-unknown-linux-musl-install_only_stripped.tar.gz"
provenance = "github-attestations"

[tools.python."platforms.linux-x64"]
checksum = "sha256:da5357f47b1d9c8d4c439004d463d893ef688a44c27438a62b47073d26d1377e"
url = "https://github.com/astral-sh/python-build-standalone/releases/download/20260929/cpython-3.14.7+20260929-x86_64-unknown-linux-gnu-install_only_stripped.tar.gz"
provenance = "github-attestations"

[tools.python."platforms.linux-x64-musl"]
checksum = "sha256:ecb40bf33dd24d43fe44f7830e0933cd5755d3cf02e45dc404a0cfb0ea6ce0d0"
url = "https://github.com/astral-sh/python-build-standalone/releases/download/20260929/cpython-3.14.7+20260929-x86_64-unknown-linux-musl-install_only_stripped.tar.gz"
provenance = "github-attestations"

[tools.python."platforms.macos-arm64"]
checksum = "sha256:44b4716f4e63bc85e1c07ea2aca730d13a0ec3557d06526d84a13b1d111cf4f9"
url = "https://github.com/astral-sh/python-build-standalone/releases/download/20260929/cpython-3.14.7+20260929-aarch64-apple-darwin-install_only_stripped.tar.gz"
provenance = "github-attestations"

[tools.python."platforms.macos-x64"]
checksum = "sha256:419c8d110a393add7e20480f785a9cc2213978cdb10f8198ee7bb38b02cdb0fe"
url = "https://github.com/astral-sh/python-build-standalone/releases/download/20260929/cpython-3.14.7+20260929-x86_64-apple-darwin-install_only_stripped.tar.gz"
provenance = "github-attestations"

[tools.python."platforms.windows-x64"]
checksum = "sha256:6378385d5e42ec0874656e5efd707fb92334a6972b1aca90fd254eb924a8f404"
url = "https://github.com/astral-sh/python-build-standalone/releases/download/20260929/cpython-3.14.7+20260929-x86_64-pc-windows-msvc-install_only_stripped.tar.gz"
provenance = "github-attestations"

[[tools.rust]]
version = "nightly-2026-10-02"
backend = "core:rust"
specifiers = ["nightly"]

[tools.rust.options]
components = "clippy,miri,rust-analyzer,rustfmt"
profile = "minimal"

[[tools.uv]]
version = "0.12.20"
backend = "aqua:astral-sh/uv"
specifiers = ["latest"]

[tools.uv."platforms.linux-x64"]
checksum = "sha256:6590717592ace991ff83a63fef799e3ad9d33ecc8f96c5d6bdd732496e79337f"
url = "https://github.com/astral-sh/uv/releases/download/0.12.20/uv-x86_64-unknown-linux-gnu.tar.gz"
url_api = "https://api.github.com/repos/astral-sh/uv/releases/assets/596657933"
provenance = "github-attestations"

[tools.uv."platforms.macos-arm64"]
checksum = "sha256:848fdeb602ff1a1baacd4f6c8b7bdc6cf1ad026a6d9cf59475fda17c179743ca"
url = "https://github.com/astral-sh/uv/releases/download/0.12.20/uv-aarch64-apple-darwin.tar.gz"
url_api = "https://api.github.com/repos/astral-sh/uv/releases/assets/596657737"
provenance = "github-attestations"
