# @generated - this file is auto-generated by `mise lock` https://mise.jdx.dev/dev-tools/mise-lock.html

[[tools."aqua:BurntSushi/ripgrep"]]
version = "15.2.0"
backend = "aqua:BurntSushi/ripgrep"

[tools."aqua:BurntSushi/ripgrep"."platforms.linux-arm64"]
checksum = "sha256:a740b91c82eaf9914cfedd353572f2791cbe0162c84101ee0951058f4dcbc90d"
url = "https://github.com/BurntSushi/ripgrep/releases/download/15.2.0/ripgrep-15.2.0-aarch64-unknown-linux-gnu.tar.gz"
url_api = "https://api.github.com/repos/BurntSushi/ripgrep/releases/assets/478119579"

[tools."aqua:BurntSushi/ripgrep"."platforms.linux-arm64-musl"]
checksum = "sha256:800b1e7206afe799dfb5a6901f23147cfaabe0e52210538100f61e86e1740915"
url = "https://github.com/BurntSushi/ripgrep/releases/download/15.2.0/ripgrep-15.2.0-aarch64-unknown-linux-musl.tar.gz"
url_api = "https://api.github.com/repos/BurntSushi/ripgrep/releases/assets/478120060"

[tools."aqua:BurntSushi/ripgrep"."platforms.linux-x64"]
checksum = "sha256:33e15bcf1624b25cdd2a55813a47a2f95dbe126268203e76aa6a585d1e7b149c"
url = "https://github.com/BurntSushi/ripgrep/releases/download/15.2.0/ripgrep-15.2.0-x86_64-unknown-linux-musl.tar.gz"
url_api = "https://api.github.com/repos/BurntSushi/ripgrep/releases/assets/478120097"

[tools."aqua:BurntSushi/ripgrep"."platforms.linux-x64-musl"]
checksum = "sha256:33e15bcf1624b25cdd2a55813a47a2f95dbe126268203e76aa6a585d1e7b149c"
url = "https://github.com/BurntSushi/ripgrep/releases/download/15.2.0/ripgrep-15.2.0-x86_64-unknown-linux-musl.tar.gz"
url_api = "https://api.github.com/repos/BurntSushi/ripgrep/releases/assets/478120097"

[tools."aqua:BurntSushi/ripgrep"."platforms.macos-arm64"]
checksum = "sha256:3750b2e93f37e0c692657da574d7019a101c0084da05a790c83fd335bad973e4"
url = "https://github.com/BurntSushi/ripgrep/releases/download/15.2.0/ripgrep-15.2.0-aarch64-apple-darwin.tar.gz"
url_api = "https://api.github.com/repos/BurntSushi/ripgrep/releases/assets/478118851"

[tools."aqua:BurntSushi/ripgrep"."platforms.macos-x64"]
checksum = "sha256:af7825fcc69a2afc7a7aea55fc9af90e26421d8f20fe59df32e233c0b8a231c1"
url = "https://github.com/BurntSushi/ripgrep/releases/download/15.2.0/ripgrep-15.2.0-x86_64-apple-darwin.tar.gz"
url_api = "https://api.github.com/repos/BurntSushi/ripgrep/releases/assets/478119585"

[tools."aqua:BurntSushi/ripgrep"."platforms.windows-x64"]
checksum = "sha256:71b2fef860abe467217a538ff31de02f5258807c0129f771846f87bd029aafc5"
url = "https://github.com/BurntSushi/ripgrep/releases/download/15.2.0/ripgrep-15.2.0-x86_64-pc-windows-msvc.zip"
url_api = "https://api.github.com/repos/BurntSushi/ripgrep/releases/assets/478119643"

[[tools."aqua:Byron/dua-cli"]]
version = "2.40.0"
backend = "aqua:Byron/dua-cli"

[tools."aqua:Byron/dua-cli"."platforms.linux-arm64"]
checksum = "sha256:f73522d7374aead9477570e0c7bc969a4323c1fd5477cdfb8ad31b9386a447bc"
url = "https://github.com/Byron/dua-cli/releases/download/v2.40.0/dua-v2.40.0-aarch64-unknown-linux-musl.tar.gz"
url_api = "https://api.github.com/repos/Byron/dua-cli/releases/assets/496573456"
provenance = "github-attestations"

[tools."aqua:Byron/dua-cli"."platforms.linux-arm64-musl"]
checksum = "sha256:f73522d7374aead9477570e0c7bc969a4323c1fd5477cdfb8ad31b9386a447bc"
url = "https://github.com/Byron/dua-cli/releases/download/v2.40.0/dua-v2.40.0-aarch64-unknown-linux-musl.tar.gz"
url_api = "https://api.github.com/repos/Byron/dua-cli/releases/assets/496573456"
provenance = "github-attestations"

[tools."aqua:Byron/dua-cli"."platforms.linux-x64"]
checksum = "sha256:c46bd53054f5821ccb18d37704caec0295bdc72fd69374d86a1fb03d2152bd4b"
url = "https://github.com/Byron/dua-cli/releases/download/v2.40.0/dua-v2.40.0-x86_64-unknown-linux-musl.tar.gz"
url_api = "https://api.github.com/repos/Byron/dua-cli/releases/assets/496573270"
provenance = "github-attestations"

[tools."aqua:Byron/dua-cli"."platforms.linux-x64-musl"]
checksum = "sha256:c46bd53054f5821ccb18d37704caec0295bdc72fd69374d86a1fb03d2152bd4b"
url = "https://github.com/Byron/dua-cli/releases/download/v2.40.0/dua-v2.40.0-x86_64-unknown-linux-musl.tar.gz"
url_api = "https://api.github.com/repos/Byron/dua-cli/releases/assets/496573270"
provenance = "github-attestations"

[tools."aqua:Byron/dua-cli"."platforms.macos-arm64"]
checksum = "sha256:929eb5d16ddf602bc934a78e6c4469b0b6747940388863cf0a1d3e0ecbc89f8a"
url = "https://github.com/Byron/dua-cli/releases/download/v2.40.0/dua-v2.40.0-x86_64-apple-darwin.tar.gz"
url_api = "https://api.github.com/repos/Byron/dua-cli/releases/assets/496572774"
provenance = "github-attestations"

[tools."aqua:Byron/dua-cli"."platforms.macos-x64"]
checksum = "sha256:929eb5d16ddf602bc934a78e6c4469b0b6747940388863cf0a1d3e0ecbc89f8a"
url = "https://github.com/Byron/dua-cli/releases/download/v2.40.0/dua-v2.40.0-x86_64-apple-darwin.tar.gz"
url_api = "https://api.github.com/repos/Byron/dua-cli/releases/assets/496572774"
provenance = "github-attestations"

[tools."aqua:Byron/dua-cli"."platforms.windows-x64"]
checksum = "sha256:74d9ade19e02c09881e486a0fc90e917419ff710c041f0e6beb3ee84c798e70b"
url = "https://github.com/Byron/dua-cli/releases/download/v2.40.0/dua-v2.40.0-x86_64-pc-windows-msvc.zip"
url_api = "https://api.github.com/repos/Byron/dua-cli/releases/assets/496574720"
provenance = "github-attestations"

[[tools."aqua:LuaLS/lua-language-server"]]
version = "3.18.2"
backend = "aqua:LuaLS/lua-language-server"

[tools."aqua:LuaLS/lua-language-server"."platforms.linux-arm64"]
checksum = "sha256:273af33f26f4a1143f27c96d9f9e1188aba619c71e0807042134f66b4bd27f24"
url = "https://github.com/LuaLS/lua-language-server/releases/download/3.18.2/lua-language-server-3.18.2-linux-arm64.tar.gz"
url_api = "https://api.github.com/repos/LuaLS/lua-language-server/releases/assets/396268278"

[tools."aqua:LuaLS/lua-language-server"."platforms.linux-arm64-musl"]
checksum = "sha256:273af33f26f4a1143f27c96d9f9e1188aba619c71e0807042134f66b4bd27f24"
url = "https://github.com/LuaLS/lua-language-server/releases/download/3.18.2/lua-language-server-3.18.2-linux-arm64.tar.gz"
url_api = "https://api.github.com/repos/LuaLS/lua-language-server/releases/assets/396268278"

[tools."aqua:LuaLS/lua-language-server"."platforms.linux-x64"]
checksum = "sha256:ca71415dd19f19e30aaa35a4915aefca9fdb5fec31b98331cc3d77f778d539c5"
url = "https://github.com/LuaLS/lua-language-server/releases/download/3.18.2/lua-language-server-3.18.2-linux-x64.tar.gz"
url_api = "https://api.github.com/repos/LuaLS/lua-language-server/releases/assets/396268957"

[tools."aqua:LuaLS/lua-language-server"."platforms.linux-x64-musl"]
checksum = "sha256:ca71415dd19f19e30aaa35a4915aefca9fdb5fec31b98331cc3d77f778d539c5"
url = "https://github.com/LuaLS/lua-language-server/releases/download/3.18.2/lua-language-server-3.18.2-linux-x64.tar.gz"
url_api = "https://api.github.com/repos/LuaLS/lua-language-server/releases/assets/396268957"

[tools."aqua:LuaLS/lua-language-server"."platforms.macos-arm64"]
checksum = "sha256:cec99d70b1f612acec4a10a79a03664e3aa0c229d4d8a586cb3f928ec37d509e"
url = "https://github.com/LuaLS/lua-language-server/releases/download/3.18.2/lua-language-server-3.18.2-darwin-arm64.tar.gz"
url_api = "https://api.github.com/repos/LuaLS/lua-language-server/releases/assets/396268945"

[tools."aqua:LuaLS/lua-language-server"."platforms.macos-x64"]
checksum = "sha256:e26cfefe423dd7326fc7c649539e4d4aaa4f35f34d2fefd8af2ed7090b72c556"
url = "https://github.com/LuaLS/lua-language-server/releases/download/3.18.2/lua-language-server-3.18.2-darwin-x64.tar.gz"
url_api = "https://api.github.com/repos/LuaLS/lua-language-server/releases/assets/396267609"

[tools."aqua:LuaLS/lua-language-server"."platforms.windows-x64"]
checksum = "sha256:a4439a8f5e8e9e6505c11f045a7bf45db602124a1e246371c1dbe34924f3cf71"
url = "https://github.com/LuaLS/lua-language-server/releases/download/3.18.2/lua-language-server-3.18.2-win32-x64.zip"
url_api = "https://api.github.com/repos/LuaLS/lua-language-server/releases/assets/396269455"

[[tools."aqua:Myriad-Dreamin/tinymist"]]
version = "0.15.2"
backend = "aqua:Myriad-Dreamin/tinymist"

[tools."aqua:Myriad-Dreamin/tinymist"."platforms.linux-arm64"]
checksum = "sha256:b358ed82e9102c9271e9be4be8cd1f25d3ab08276b73238b3c1106e9e28e9f68"
url = "https://github.com/Myriad-Dreamin/tinymist/releases/download/v0.15.2/tinymist-linux-arm64"
url_api = "https://api.github.com/repos/Myriad-Dreamin/tinymist/releases/assets/454537397"

[tools."aqua:Myriad-Dreamin/tinymist"."platforms.linux-arm64-musl"]
checksum = "sha256:b358ed82e9102c9271e9be4be8cd1f25d3ab08276b73238b3c1106e9e28e9f68"
url = "https://github.com/Myriad-Dreamin/tinymist/releases/download/v0.15.2/tinymist-linux-arm64"
url_api = "https://api.github.com/repos/Myriad-Dreamin/tinymist/releases/assets/454537397"

[tools."aqua:Myriad-Dreamin/tinymist"."platforms.linux-x64"]
checksum = "sha256:f5e275c6289a5c4b45ca211abde329dd662b03f2c4aca2299d6c154b81135684"
url = "https://github.com/Myriad-Dreamin/tinymist/releases/download/v0.15.2/tinymist-linux-x64"
url_api = "https://api.github.com/repos/Myriad-Dreamin/tinymist/releases/assets/454537259"

[tools."aqua:Myriad-Dreamin/tinymist"."platforms.linux-x64-musl"]
checksum = "sha256:f5e275c6289a5c4b45ca211abde329dd662b03f2c4aca2299d6c154b81135684"
url = "https://github.com/Myriad-Dreamin/tinymist/releases/download/v0.15.2/tinymist-linux-x64"
url_api = "https://api.github.com/repos/Myriad-Dreamin/tinymist/releases/assets/454537259"

[tools."aqua:Myriad-Dreamin/tinymist"."platforms.macos-arm64"]
checksum = "sha256:37fe82e44a2e0bb213132449eb24fe119b918b8a4e4c86fa4faea3b09b9e23f2"
url = "https://github.com/Myriad-Dreamin/tinymist/releases/download/v0.15.2/tinymist-darwin-arm64"
url_api = "https://api.github.com/repos/Myriad-Dreamin/tinymist/releases/assets/454537477"

[tools."aqua:Myriad-Dreamin/tinymist"."platforms.macos-x64"]
checksum = "sha256:8deedf0de44e59fbd2703e0fd19ae9ea3fbb809d8efc5b578bb999fb49226983"
url = "https://github.com/Myriad-Dreamin/tinymist/releases/download/v0.15.2/tinymist-darwin-x64"
url_api = "https://api.github.com/repos/Myriad-Dreamin/tinymist/releases/assets/454537435"

[tools."aqua:Myriad-Dreamin/tinymist"."platforms.windows-x64"]
checksum = "sha256:8780ed5076135f5afb11a03e6215d43659c193bc649634aff9b9dc91d77200a8"
url = "https://github.com/Myriad-Dreamin/tinymist/releases/download/v0.15.2/tinymist-win32-x64.exe"
url_api = "https://api.github.com/repos/Myriad-Dreamin/tinymist/releases/assets/454537125"

[[tools."aqua:Wilfred/difftastic"]]
version = "0.69.0"
backend = "aqua:Wilfred/difftastic"

[tools."aqua:Wilfred/difftastic"."platforms.linux-arm64"]
checksum = "sha256:abd2f42d2afd424312b4862aa7c7bb0320447670ae22fabcc5159db03e2dccbd"
url = "https://github.com/Wilfred/difftastic/releases/download/0.69.0/difft-aarch64-unknown-linux-gnu.tar.gz"
url_api = "https://api.github.com/repos/Wilfred/difftastic/releases/assets/409362685"

[tools."aqua:Wilfred/difftastic"."platforms.linux-x64"]
checksum = "sha256:c120a4315b33e89678d52b47ea0097cdb1fb57b4f3910b4d77cbeee5eecc8ced"
url = "https://github.com/Wilfred/difftastic/releases/download/0.69.0/difft-x86_64-unknown-linux-musl.tar.gz"
url_api = "https://api.github.com/repos/Wilfred/difftastic/releases/assets/409362908"

[tools."aqua:Wilfred/difftastic"."platforms.linux-x64-musl"]
checksum = "sha256:c120a4315b33e89678d52b47ea0097cdb1fb57b4f3910b4d77cbeee5eecc8ced"
url = "https://github.com/Wilfred/difftastic/releases/download/0.69.0/difft-x86_64-unknown-linux-musl.tar.gz"
url_api = "https://api.github.com/repos/Wilfred/difftastic/releases/assets/409362908"

[tools."aqua:Wilfred/difftastic"."platforms.macos-arm64"]
checksum = "sha256:c958b87885a5825a356c5899ac7ecdd752a7942084199f2be4bc0bf8c9de8e33"
url = "https://github.com/Wilfred/difftastic/releases/download/0.69.0/difft-aarch64-apple-darwin.tar.gz"
url_api = "https://api.github.com/repos/Wilfred/difftastic/releases/assets/409361790"

[tools."aqua:Wilfred/difftastic"."platforms.macos-x64"]
checksum = "sha256:5f5487e7a6e817194a1cef297d2ffb300454371635a4cde865087dbc064730a2"
url = "https://github.com/Wilfred/difftastic/releases/download/0.69.0/difft-x86_64-apple-darwin.tar.gz"
url_api = "https://api.github.com/repos/Wilfred/difftastic/releases/assets/409362383"

[tools."aqua:Wilfred/difftastic"."platforms.windows-x64"]
checksum = "sha256:a5adbf57eb1b923b62d1c3596c4f827df143f5b52cfba48bb9e83f41dea90c02"
url = "https://github.com/Wilfred/difftastic/releases/download/0.69.0/difft-x86_64-pc-windows-msvc.zip"
url_api = "https://api.github.com/repos/Wilfred/difftastic/releases/assets/409362991"

[[tools."aqua:antonmedv/fx"]]
version = "39.2.0"
backend = "aqua:antonmedv/fx"

[tools."aqua:antonmedv/fx"."platforms.linux-arm64"]
checksum = "sha256:85ea8435b0a80b6d31ffa9f61ac9b67d9bb8f0ffffabdfe5e7e587b07a0a0684"
url = "https://github.com/antonmedv/fx/releases/download/39.2.0/fx_linux_arm64"
url_api = "https://api.github.com/repos/antonmedv/fx/releases/assets/315468985"

[tools."aqua:antonmedv/fx"."platforms.linux-arm64-musl"]
checksum = "sha256:85ea8435b0a80b6d31ffa9f61ac9b67d9bb8f0ffffabdfe5e7e587b07a0a0684"
url = "https://github.com/antonmedv/fx/releases/download/39.2.0/fx_linux_arm64"
url_api = "https://api.github.com/repos/antonmedv/fx/releases/assets/315468985"

[tools."aqua:antonmedv/fx"."platforms.linux-x64"]
checksum = "sha256:17ea6549c7cf0b8be5ec109d04da7fbf1d5de9f7b99d957a6215081933528afe"
url = "https://github.com/antonmedv/fx/releases/download/39.2.0/fx_linux_amd64"
url_api = "https://api.github.com/repos/antonmedv/fx/releases/assets/315468989"

[tools."aqua:antonmedv/fx"."platforms.linux-x64-musl"]
checksum = "sha256:17ea6549c7cf0b8be5ec109d04da7fbf1d5de9f7b99d957a6215081933528afe"
url = "https://github.com/antonmedv/fx/releases/download/39.2.0/fx_linux_amd64"
url_api = "https://api.github.com/repos/antonmedv/fx/releases/assets/315468989"

[tools."aqua:antonmedv/fx"."platforms.macos-arm64"]
checksum = "sha256:5d7dadbf8ac4e4a55b5b6d31bdd958b90823292997ba9ddae395f66417bb4a9b"
url = "https://github.com/antonmedv/fx/releases/download/39.2.0/fx_darwin_arm64"
url_api = "https://api.github.com/repos/antonmedv/fx/releases/assets/315468988"

[tools."aqua:antonmedv/fx"."platforms.macos-x64"]
checksum = "sha256:2ad7d0a6e1ea67ab10a22cc06825fdc776511e8f412926d1c752b630eac12e02"
url = "https://github.com/antonmedv/fx/releases/download/39.2.0/fx_darwin_amd64"
url_api = "https://api.github.com/repos/antonmedv/fx/releases/assets/315468986"

[tools."aqua:antonmedv/fx"."platforms.windows-x64"]
checksum = "sha256:00fbddd7bd67f747a51aecc0a5bafcc695a21dfae7b912684510722c8e2d6d22"
url = "https://github.com/antonmedv/fx/releases/download/39.2.0/fx_windows_amd64.exe"
url_api = "https://api.github.com/repos/antonmedv/fx/releases/assets/315468991"

[[tools."aqua:cargo-bins/cargo-binstall"]]
version = "1.21.1"
backend = "aqua:cargo-bins/cargo-binstall"

[tools."aqua:cargo-bins/cargo-binstall"."platforms.linux-arm64"]
checksum = "sha256:1dc2979f3c83aade9a1b4344589d14fafa63459b759222528d11419f5cca9cc2"
url = "https://github.com/cargo-bins/cargo-binstall/releases/download/v1.21.1/cargo-binstall-aarch64-unknown-linux-musl.tgz"
url_api = "https://api.github.com/repos/cargo-bins/cargo-binstall/releases/assets/489425352"
provenance = "github-attestations"

[tools."aqua:cargo-bins/cargo-binstall"."platforms.linux-arm64-musl"]
checksum = "sha256:1dc2979f3c83aade9a1b4344589d14fafa63459b759222528d11419f5cca9cc2"
url = "https://github.com/cargo-bins/cargo-binstall/releases/download/v1.21.1/cargo-binstall-aarch64-unknown-linux-musl.tgz"
url_api = "https://api.github.com/repos/cargo-bins/cargo-binstall/releases/assets/489425352"
provenance = "github-attestations"

[tools."aqua:cargo-bins/cargo-binstall"."platforms.linux-x64"]
checksum = "sha256:630c8f8803a686aa6779497f0f0fb51d49822fb5fc3c514d8ced33b34e338e6e"
url = "https://github.com/cargo-bins/cargo-binstall/releases/download/v1.21.1/cargo-binstall-x86_64-unknown-linux-musl.tgz"
url_api = "https://api.github.com/repos/cargo-bins/cargo-binstall/releases/assets/489425174"
provenance = "github-attestations"

[tools."aqua:cargo-bins/cargo-binstall"."platforms.linux-x64-musl"]
checksum = "sha256:630c8f8803a686aa6779497f0f0fb51d49822fb5fc3c514d8ced33b34e338e6e"
url = "https://github.com/cargo-bins/cargo-binstall/releases/download/v1.21.1/cargo-binstall-x86_64-unknown-linux-musl.tgz"
url_api = "https://api.github.com/repos/cargo-bins/cargo-binstall/releases/assets/489425174"
provenance = "github-attestations"

[tools."aqua:cargo-bins/cargo-binstall"."platforms.macos-arm64"]
checksum = "sha256:bd03935f1a6d652647f6d42a2cd39396a55094ffddc65bed0debebfe32feea43"
url = "https://github.com/cargo-bins/cargo-binstall/releases/download/v1.21.1/cargo-binstall-aarch64-apple-darwin.zip"
url_api = "https://api.github.com/repos/cargo-bins/cargo-binstall/releases/assets/489425460"
provenance = "github-attestations"

[tools."aqua:cargo-bins/cargo-binstall"."platforms.macos-x64"]
checksum = "sha256:73894951a5c5343476e703b9f2ccea9e829396147ee33bded6a5e94c09298d81"
url = "https://github.com/cargo-bins/cargo-binstall/releases/download/v1.21.1/cargo-binstall-x86_64-apple-darwin.zip"
url_api = "https://api.github.com/repos/cargo-bins/cargo-binstall/releases/assets/489425224"
provenance = "github-attestations"

[tools."aqua:cargo-bins/cargo-binstall"."platforms.windows-x64"]
checksum = "sha256:27aee4e73cd8b1d479730cb9cdbd89b1114453a135689d4ee1a7e7f913f0ffe1"
url = "https://github.com/cargo-bins/cargo-binstall/releases/download/v1.21.1/cargo-binstall-x86_64-pc-windows-msvc.zip"
url_api = "https://api.github.com/repos/cargo-bins/cargo-binstall/releases/assets/489425215"
provenance = "github-attestations"

[[tools."aqua:mvdan/sh"]]
version = "3.13.1"
backend = "aqua:mvdan/sh"

[tools."aqua:mvdan/sh".options]
"vars.filter_bins" = "shfmt"

[tools."aqua:mvdan/sh"."platforms.linux-arm64"]
checksum = "sha256:32d92acaa5cd8abb29fc49dac123dc412442d5713967819d8af2c29f1b3857c7"
url = "https://github.com/mvdan/sh/releases/download/v3.13.1/shfmt_v3.13.1_linux_arm64"
url_api = "https://api.github.com/repos/mvdan/sh/releases/assets/390322859"

[tools."aqua:mvdan/sh"."platforms.linux-arm64-musl"]
checksum = "sha256:32d92acaa5cd8abb29fc49dac123dc412442d5713967819d8af2c29f1b3857c7"
url = "https://github.com/mvdan/sh/releases/download/v3.13.1/shfmt_v3.13.1_linux_arm64"
url_api = "https://api.github.com/repos/mvdan/sh/releases/assets/390322859"

[tools."aqua:mvdan/sh"."platforms.linux-x64"]
checksum = "sha256:fb096c5d1ac6beabbdbaa2874d025badb03ee07929f0c9ff67563ce8c75398b1"
url = "https://github.com/mvdan/sh/releases/download/v3.13.1/shfmt_v3.13.1_linux_amd64"
url_api = "https://api.github.com/repos/mvdan/sh/releases/assets/390322866"

[tools."aqua:mvdan/sh"."platforms.linux-x64-musl"]
checksum = "sha256:fb096c5d1ac6beabbdbaa2874d025badb03ee07929f0c9ff67563ce8c75398b1"
url = "https://github.com/mvdan/sh/releases/download/v3.13.1/shfmt_v3.13.1_linux_amd64"
url_api = "https://api.github.com/repos/mvdan/sh/releases/assets/390322866"

[tools."aqua:mvdan/sh"."platforms.macos-arm64"]
checksum = "sha256:9680526be4a66ea1ffe988ed08af58e1400fe1e4f4aef5bd88b20bb9b3da33f8"
url = "https://github.com/mvdan/sh/releases/download/v3.13.1/shfmt_v3.13.1_darwin_arm64"
url_api = "https://api.github.com/repos/mvdan/sh/releases/assets/390322881"

[tools."aqua:mvdan/sh"."platforms.macos-x64"]
checksum = "sha256:6feedafc72915794163114f512348e2437d080d0047ef8b8fa2ec63b575f12af"
url = "https://github.com/mvdan/sh/releases/download/v3.13.1/shfmt_v3.13.1_darwin_amd64"
url_api = "https://api.github.com/repos/mvdan/sh/releases/assets/390322886"

[tools."aqua:mvdan/sh"."platforms.windows-x64"]
checksum = "sha256:60cd368533d0ad73fa86d93d5bbf95ef40587245ce684ed138c1b31557b5fe97"
url = "https://github.com/mvdan/sh/releases/download/v3.13.1/shfmt_v3.13.1_windows_amd64.exe"
url_api = "https://api.github.com/repos/mvdan/sh/releases/assets/390322844"

[[tools."aqua:pnpm/pnpm"]]
version = "11.21.0"
backend = "aqua:pnpm/pnpm"

[tools."aqua:pnpm/pnpm"."platforms.linux-arm64"]
checksum = "sha256:64eb219b008f7a4c176d81fbce919c20b0b7e093e815cbb669d46e681451f43b"
url = "https://github.com/pnpm/pnpm/releases/download/v11.21.0/pnpm-linux-arm64.tar.gz"
url_api = "https://api.github.com/repos/pnpm/pnpm/releases/assets/507585528"
provenance = "github-attestations"

[tools."aqua:pnpm/pnpm"."platforms.linux-arm64-musl"]
checksum = "sha256:43587a1f3d26ee009c640378ef377cac3531990579acf0f35646531b7832831d"
url = "https://github.com/pnpm/pnpm/releases/download/v11.21.0/pnpm-linux-arm64-musl.tar.gz"
url_api = "https://api.github.com/repos/pnpm/pnpm/releases/assets/507585511"
provenance = "github-attestations"

[tools."aqua:pnpm/pnpm"."platforms.linux-x64"]
checksum = "sha256:aadc489ce4473c2af0fec06a5c19e113b5793d404eac49853c8153bf4b0d8263"
url = "https://github.com/pnpm/pnpm/releases/download/v11.21.0/pnpm-linux-x64.tar.gz"
url_api = "https://api.github.com/repos/pnpm/pnpm/releases/assets/507585503"
provenance = "github-attestations"

[tools."aqua:pnpm/pnpm"."platforms.linux-x64-musl"]
checksum = "sha256:8cad0a4d20318c0445d992630ace51edc0853fd259573f50ee5d0216dce9b420"
url = "https://github.com/pnpm/pnpm/releases/download/v11.21.0/pnpm-linux-x64-musl.tar.gz"
url_api = "https://api.github.com/repos/pnpm/pnpm/releases/assets/507585524"
provenance = "github-attestations"

[tools."aqua:pnpm/pnpm"."platforms.macos-arm64"]
checksum = "sha256:860a96978a79ca5132bdc247375f94150a3c98edbecbee36e9f8e0c9e2f7f056"
url = "https://github.com/pnpm/pnpm/releases/download/v11.21.0/pnpm-darwin-arm64.tar.gz"
url_api = "https://api.github.com/repos/pnpm/pnpm/releases/assets/507585526"
provenance = "github-attestations"

[tools."aqua:pnpm/pnpm"."platforms.windows-x64"]
checksum = "sha256:6643043caa3b01c65c431039926a2af954326d5cefbdb4da7baceceb17f5051f"
url = "https://github.com/pnpm/pnpm/releases/download/v11.21.0/pnpm-win32-x64.zip"
url_api = "https://api.github.com/repos/pnpm/pnpm/releases/assets/507585516"
provenance = "github-attestations"

[[tools."asdf:mise-plugins/mise-clojure"]]
version = "1.12.5.1664"
backend = "asdf:mise-plugins/mise-clojure"

[[tools."cargo:broot"]]
version = "1.58.0"
backend = "cargo:broot"

[[tools."cargo:cargo-outdated"]]
version = "0.19.0"
backend = "cargo:cargo-outdated"

[[tools."cargo:cargo-sweep"]]
version = "0.8.0"
backend = "cargo:cargo-sweep"

[[tools."cargo:counts"]]
version = "1.0.7"
backend = "cargo:counts"

[[tools."cargo:https://github.com/jj-vcs/jj"]]
version = "rev:a0e7ebe7b037e822c506fcf6308055f8eecfb48a"
backend = "cargo:https://github.com/jj-vcs/jj"

[tools."cargo:https://github.com/jj-vcs/jj".options]
bin = "jj"
crate = "jj-cli"

[[tools."cargo:librespot"]]
version = "0.8.0"
backend = "cargo:librespot"

[[tools."cargo:mdbook"]]
version = "0.5.4"
backend = "cargo:mdbook"

[[tools."github:clojure-lsp/clojure-lsp"]]
version = "2026.07.06-14.34.19"
backend = "github:clojure-lsp/clojure-lsp"

[tools."github:clojure-lsp/clojure-lsp"."platforms.linux-arm64"]
checksum = "sha256:0595e65a5934d3208246f529b5cf0497d7167d7e9b8317e9b391e05b5c0906d7"
url = "https://github.com/clojure-lsp/clojure-lsp/releases/download/2026.07.06-14.34.19/clojure-lsp-native-linux-aarch64.zip"
url_api = "https://api.github.com/repos/clojure-lsp/clojure-lsp/releases/assets/468187448"

[tools."github:clojure-lsp/clojure-lsp"."platforms.linux-arm64-musl"]
checksum = "sha256:0595e65a5934d3208246f529b5cf0497d7167d7e9b8317e9b391e05b5c0906d7"
url = "https://github.com/clojure-lsp/clojure-lsp/releases/download/2026.07.06-14.34.19/clojure-lsp-native-linux-aarch64.zip"
url_api = "https://api.github.com/repos/clojure-lsp/clojure-lsp/releases/assets/468187448"

[tools."github:clojure-lsp/clojure-lsp"."platforms.linux-x64"]
checksum = "sha256:520f724ee02f4b3ecb225395a7a5a4ccad3878d6d1418240cd9636afcf9b858e"
url = "https://github.com/clojure-lsp/clojure-lsp/releases/download/2026.07.06-14.34.19/clojure-lsp-native-linux-amd64.zip"
url_api = "https://api.github.com/repos/clojure-lsp/clojure-lsp/releases/assets/468187255"

[tools."github:clojure-lsp/clojure-lsp"."platforms.linux-x64-musl"]
checksum = "sha256:520f724ee02f4b3ecb225395a7a5a4ccad3878d6d1418240cd9636afcf9b858e"
url = "https://github.com/clojure-lsp/clojure-lsp/releases/download/2026.07.06-14.34.19/clojure-lsp-native-linux-amd64.zip"
url_api = "https://api.github.com/repos/clojure-lsp/clojure-lsp/releases/assets/468187255"

[tools."github:clojure-lsp/clojure-lsp"."platforms.macos-arm64"]
checksum = "sha256:dd9a8e36add53b8d8166bb3d7580c6e5563401aea87b62600786af2e7d37ccde"
url = "https://github.com/clojure-lsp/clojure-lsp/releases/download/2026.07.06-14.34.19/clojure-lsp-native-macos-aarch64.zip"
url_api = "https://api.github.com/repos/clojure-lsp/clojure-lsp/releases/assets/468187564"

[tools."github:clojure-lsp/clojure-lsp"."platforms.macos-x64"]
checksum = "sha256:0449f7f8fc975157cb4e5cdcf365bcd43bcf1fa47b99256427e7a86e4c17fc3f"
url = "https://github.com/clojure-lsp/clojure-lsp/releases/download/2026.07.06-14.34.19/clojure-lsp-native-macos-amd64.zip"
url_api = "https://api.github.com/repos/clojure-lsp/clojure-lsp/releases/assets/468187531"

[tools."github:clojure-lsp/clojure-lsp"."platforms.windows-x64"]
checksum = "sha256:7b978ab266f7aa0ecf48b7484fc0aa6d3b3b7b395c27c47c949d6ce93174599d"
url = "https://github.com/clojure-lsp/clojure-lsp/releases/download/2026.07.06-14.34.19/clojure-lsp-native-windows-amd64.zip"
url_api = "https://api.github.com/repos/clojure-lsp/clojure-lsp/releases/assets/468187598"

[[tools."github:glide-browser/glide"]]
version = "0.1.63a"
backend = "github:glide-browser/glide"

[tools."github:glide-browser/glide"."platforms.linux-arm64"]
checksum = "sha256:e93f0e54dc70eddc0f14c221bdf0face44f9e59d831955b9d43fead3090d9967"
url = "https://github.com/glide-browser/glide/releases/download/0.1.63a/glide.linux-aarch64.tar.xz"
url_api = "https://api.github.com/repos/glide-browser/glide/releases/assets/460457891"
provenance = "github-attestations"
provenance_verified = true

[tools."github:glide-browser/glide"."platforms.linux-arm64-musl"]
checksum = "sha256:e93f0e54dc70eddc0f14c221bdf0face44f9e59d831955b9d43fead3090d9967"
url = "https://github.com/glide-browser/glide/releases/download/0.1.63a/glide.linux-aarch64.tar.xz"
url_api = "https://api.github.com/repos/glide-browser/glide/releases/assets/460457891"
provenance = "github-attestations"

[tools."github:glide-browser/glide"."platforms.linux-x64"]
checksum = "sha256:89d1c0ac06b9ec500376684223fe6f2b8ed211dd1d973d1d887e0344398a0e61"
url = "https://github.com/glide-browser/glide/releases/download/0.1.63a/glide.linux-x86_64.tar.xz"
url_api = "https://api.github.com/repos/glide-browser/glide/releases/assets/460457933"
provenance = "github-attestations"

[tools."github:glide-browser/glide"."platforms.linux-x64-musl"]
checksum = "sha256:89d1c0ac06b9ec500376684223fe6f2b8ed211dd1d973d1d887e0344398a0e61"
url = "https://github.com/glide-browser/glide/releases/download/0.1.63a/glide.linux-x86_64.tar.xz"
url_api = "https://api.github.com/repos/glide-browser/glide/releases/assets/460457933"
provenance = "github-attestations"

[tools."github:glide-browser/glide"."platforms.macos-arm64"]
checksum = "sha256:61524279f6ea323052a400e9e05e8f19bbe5d69e46d1d88d85528585bb0e4769"
url = "https://github.com/glide-browser/glide/releases/download/0.1.63a/macos-aarch64.mar"
url_api = "https://api.github.com/repos/glide-browser/glide/releases/assets/460458226"
provenance = "github-attestations"
provenance_verified = true

[tools."github:glide-browser/glide"."platforms.macos-x64"]
checksum = "sha256:a92d88fe3692eca51f0f72e7390b235ed7c4378ce87b63f8768fca9258a75818"
url = "https://github.com/glide-browser/glide/releases/download/0.1.63a/macos-x86_64.mar"
url_api = "https://api.github.com/repos/glide-browser/glide/releases/assets/460458273"
provenance = "github-attestations"

[tools."github:glide-browser/glide"."platforms.windows-x64"]
checksum = "sha256:9189ace7bc8079d929752c2e7678fa29cfc1c1a443f5e4051d793fcb34b73d50"
url = "https://github.com/glide-browser/glide/releases/download/0.1.63a/windows-x86_64.mar"
url_api = "https://api.github.com/repos/glide-browser/glide/releases/assets/460458354"
provenance = "github-attestations"

[[tools."github:rustsec/rustsec"]]
version = "0.22.2"
backend = "github:rustsec/rustsec"

[tools."github:rustsec/rustsec".options]
matching = "cargo-audit-"
version_prefix = "cargo-audit/v"

[tools."github:rustsec/rustsec"."platforms.linux-arm64"]
checksum = "sha256:c6603814ddaa45e51263dafd31c0ac98808f688d26f7395804f9670b0fd599dd"
url = "https://github.com/rustsec/rustsec/releases/download/cargo-audit/v0.22.2/cargo-audit-aarch64-unknown-linux-gnu-v0.22.2.tgz"
url_api = "https://api.github.com/repos/rustsec/rustsec/releases/assets/439292355"

[tools."github:rustsec/rustsec"."platforms.linux-arm64-musl"]
checksum = "sha256:c6603814ddaa45e51263dafd31c0ac98808f688d26f7395804f9670b0fd599dd"
url = "https://github.com/rustsec/rustsec/releases/download/cargo-audit/v0.22.2/cargo-audit-aarch64-unknown-linux-gnu-v0.22.2.tgz"
url_api = "https://api.github.com/repos/rustsec/rustsec/releases/assets/439292355"

[tools."github:rustsec/rustsec"."platforms.linux-x64"]
checksum = "sha256:ab28a1bdb54db4d5d8ad5981cf1f959410370b3d28250dbd35f6a44248620e39"
url = "https://github.com/rustsec/rustsec/releases/download/cargo-audit/v0.22.2/cargo-audit-x86_64-unknown-linux-gnu-v0.22.2.tgz"
url_api = "https://api.github.com/repos/rustsec/rustsec/releases/assets/439291614"

[tools."github:rustsec/rustsec"."platforms.linux-x64-musl"]
checksum = "sha256:7fb9497f8594b389e5fce5ef9b92db08432996895b2e0c5a0167a69ed445c428"
url = "https://github.com/rustsec/rustsec/releases/download/cargo-audit/v0.22.2/cargo-audit-x86_64-unknown-linux-musl-v0.22.2.tgz"
url_api = "https://api.github.com/repos/rustsec/rustsec/releases/assets/439292222"

[tools."github:rustsec/rustsec"."platforms.macos-arm64"]
checksum = "sha256:ec7ca4263769593df4d909be85b94a6b79efa2897be5d2bb8ebd516e823175af"
url = "https://github.com/rustsec/rustsec/releases/download/cargo-audit/v0.22.2/cargo-audit-aarch64-apple-darwin-v0.22.2.tgz"
url_api = "https://api.github.com/repos/rustsec/rustsec/releases/assets/439291477"

[tools."github:rustsec/rustsec"."platforms.macos-x64"]
checksum = "sha256:847831323de932155b226ab60ee4a180e13e5d007a019f0d4b7b4d89a6de2ab2"
url = "https://github.com/rustsec/rustsec/releases/download/cargo-audit/v0.22.2/cargo-audit-x86_64-apple-darwin-v0.22.2.tgz"
url_api = "https://api.github.com/repos/rustsec/rustsec/releases/assets/439292734"

[tools."github:rustsec/rustsec"."platforms.windows-x64"]
checksum = "sha256:0a7316540862c13d954f648917ceacca593747baed6eec180fafa590be2710ab"
url = "https://github.com/rustsec/rustsec/releases/download/cargo-audit/v0.22.2/cargo-audit-x86_64-pc-windows-msvc-v0.22.2.zip"
url_api = "https://api.github.com/repos/rustsec/rustsec/releases/assets/439294720"

[[tools.node]]
version = "24.18.1"
backend = "core:node"

[tools.node."platforms.linux-arm64"]
checksum = "sha256:df224555a083b918e46260cc969838501b9f9a87140c1195e5b9597b56d5dae2"
url = "https://nodejs.org/dist/v24.18.1/node-v24.18.1-linux-arm64.tar.gz"

[tools.node."platforms.linux-arm64-musl"]
checksum = "sha256:ae1b6457edb875fd98130b37c853e51a53ac0cc40850ecccd490b61c5a3558fa"
url = "https://unofficial-builds.nodejs.org/download/release/v24.18.1/node-v24.18.1-linux-arm64-musl.tar.gz"

[tools.node."platforms.linux-x64"]
checksum = "sha256:9f5eb6ac21845a66c493c91a253b1da32fd684e89e9b7202d4936982336be4ca"
url = "https://nodejs.org/dist/v24.18.1/node-v24.18.1-linux-x64.tar.gz"

[tools.node."platforms.linux-x64-musl"]
checksum = "sha256:696979caef92505ad7566a3674ca9a93d8558e282f34e7899181c0321821ae5f"
url = "https://unofficial-builds.nodejs.org/download/release/v24.18.1/node-v24.18.1-linux-x64-musl.tar.gz"

[tools.node."platforms.macos-arm64"]
checksum = "sha256:eb02f7fab96d3d67de40c5ec8566096fcb4c2026728787683ae5a97eb612b941"
url = "https://nodejs.org/dist/v24.18.1/node-v24.18.1-darwin-arm64.tar.gz"

[tools.node."platforms.macos-x64"]
checksum = "sha256:6fb20fceacbb157c2f95825b80df4a454a0f6d81cdcd7bb81eeae9147e0e76ec"
url = "https://nodejs.org/dist/v24.18.1/node-v24.18.1-darwin-x64.tar.gz"

[tools.node."platforms.windows-x64"]
checksum = "sha256:ec56b84a7551893ab2324ebdfdc4ab974a63b4781162600b68a1293cc3e53765"
url = "https://nodejs.org/dist/v24.18.1/node-v24.18.1-win-x64.zip"

[[tools."npm:bash-language-server"]]
version = "5.6.0"
backend = "npm:bash-language-server"

[[tools."npm:oxlint"]]
version = "1.76.0"
backend = "npm:oxlint"

[[tools."npm:perlnavigator-server"]]
version = "0.8.20"
backend = "npm:perlnavigator-server"

[[tools."npm:typescript-language-server"]]
version = "5.3.0"
backend = "npm:typescript-language-server"

[[tools."npm:vscode-langservers-extracted"]]
version = "4.10.0"
backend = "npm:vscode-langservers-extracted"

[[tools."pipx:git-revise"]]
version = "0.8.0"
backend = "pipx:git-revise"

[[tools."pipx:pylint"]]
version = "4.0.6"
backend = "pipx:pylint"

[[tools."pipx:pytest"]]
version = "9.1.1"
backend = "pipx:pytest"

[tools."pipx:pytest".options]
uvx_args = "--with pytest-xdist --with pytest-sugar --with pytest-instafail"

[[tools."pipx:yt-dlp"]]
version = "2026.7.4"
backend = "pipx:yt-dlp"

[[tools.python]]
version = "3.14.6"
backend = "core:python"

[tools.python."platforms.linux-arm64"]
checksum = "sha256:8ad1ec529cd1708245e8661a463245fc1479c43cbfd66e58b095456ebf77180a"
url = "https://github.com/astral-sh/python-build-standalone/releases/download/20260804/cpython-3.14.6+20260804-aarch64-unknown-linux-gnu-install_only_stripped.tar.gz"
provenance = "github-attestations"

[tools.python."platforms.linux-arm64-musl"]
checksum = "sha256:85dbb537dc5d6679edabfb61cefdf2511d26cb8669662c4563202b0990e79b4a"
url = "https://github.com/astral-sh/python-build-standalone/releases/download/20260804/cpython-3.14.6+20260804-aarch64-unknown-linux-musl-install_only_stripped.tar.gz"
provenance = "github-attestations"

[tools.python."platforms.linux-x64"]
checksum = "sha256:ba960817e542642021135db330d875f410f4e14c64a62e2ae5faf3697ada08b2"
url = "https://github.com/astral-sh/python-build-standalone/releases/download/20260804/cpython-3.14.6+20260804-x86_64-unknown-linux-gnu-install_only_stripped.tar.gz"
provenance = "github-attestations"

[tools.python."platforms.linux-x64-musl"]
checksum = "sha256:cbedbddcc6b2de99310015e629df67aeb732f622bbf258ec5d310757f85ab7ac"
url = "https://github.com/astral-sh/python-build-standalone/releases/download/20260804/cpython-3.14.6+20260804-x86_64-unknown-linux-musl-install_only_stripped.tar.gz"
provenance = "github-attestations"

[tools.python."platforms.macos-arm64"]
checksum = "sha256:e0d4e5066aef3248c22e08a07546bfd5edeaca904c91fadc296be720998ec2ec"
url = "https://github.com/astral-sh/python-build-standalone/releases/download/20260804/cpython-3.14.6+20260804-aarch64-apple-darwin-install_only_stripped.tar.gz"
provenance = "github-attestations"

[tools.python."platforms.macos-x64"]
checksum = "sha256:78ded4c4f0b6a931240f09bd20608533bb40dd71c1ff953c7267359075ca8b16"
url = "https://github.com/astral-sh/python-build-standalone/releases/download/20260804/cpython-3.14.6+20260804-x86_64-apple-darwin-install_only_stripped.tar.gz"
provenance = "github-attestations"

[tools.python."platforms.windows-x64"]
checksum = "sha256:ada613a2af32c04cf7c54726243c56d76f0e59f5f61d2f28371d3b9d8efad566"
url = "https://github.com/astral-sh/python-build-standalone/releases/download/20260804/cpython-3.14.6+20260804-x86_64-pc-windows-msvc-install_only_stripped.tar.gz"
provenance = "github-attestations"

[[tools.rust]]
version = "nightly"
backend = "core:rust"

[tools.rust.options]
components = "clippy,miri,rust-analyzer,rustfmt"
profile = "minimal"

[[tools.uv]]
version = "0.12.1"
backend = "aqua:astral-sh/uv"

[tools.uv."platforms.linux-arm64"]
checksum = "sha256:ce218dad9eb48a39dd86160bec6291fac7275f20a9cabcc4bc10dd2c757208f8"
url = "https://github.com/astral-sh/uv/releases/download/0.12.1/uv-aarch64-unknown-linux-musl.tar.gz"
url_api = "https://api.github.com/repos/astral-sh/uv/releases/assets/497097080"
provenance = "github-attestations"

[tools.uv."platforms.linux-arm64-musl"]
checksum = "sha256:ce218dad9eb48a39dd86160bec6291fac7275f20a9cabcc4bc10dd2c757208f8"
url = "https://github.com/astral-sh/uv/releases/download/0.12.1/uv-aarch64-unknown-linux-musl.tar.gz"
url_api = "https://api.github.com/repos/astral-sh/uv/releases/assets/497097080"
provenance = "github-attestations"

[tools.uv."platforms.linux-x64"]
checksum = "sha256:47823f814693bab8623308341369190de30b5c621eec5b1ee20352eae8c7982c"
url = "https://github.com/astral-sh/uv/releases/download/0.12.1/uv-x86_64-unknown-linux-musl.tar.gz"
url_api = "https://api.github.com/repos/astral-sh/uv/releases/assets/497097157"
provenance = "github-attestations"

[tools.uv."platforms.linux-x64-musl"]
checksum = "sha256:47823f814693bab8623308341369190de30b5c621eec5b1ee20352eae8c7982c"
url = "https://github.com/astral-sh/uv/releases/download/0.12.1/uv-x86_64-unknown-linux-musl.tar.gz"
url_api = "https://api.github.com/repos/astral-sh/uv/releases/assets/497097157"
provenance = "github-attestations"

[tools.uv."platforms.macos-arm64"]
checksum = "sha256:77d2906988e8074fd43f2f329ec452ebbf9b0c257ba1c66451c71de70a6baf42"
url = "https://github.com/astral-sh/uv/releases/download/0.12.1/uv-aarch64-apple-darwin.tar.gz"
url_api = "https://api.github.com/repos/astral-sh/uv/releases/assets/497097062"
provenance = "github-attestations"

[tools.uv."platforms.macos-x64"]
checksum = "sha256:69d9f9a00337f25a50dcb13882052da08b8469bac11091c98c5694c3c6721467"
url = "https://github.com/astral-sh/uv/releases/download/0.12.1/uv-x86_64-apple-darwin.tar.gz"
url_api = "https://api.github.com/repos/astral-sh/uv/releases/assets/497097144"
provenance = "github-attestations"

[tools.uv."platforms.windows-x64"]
checksum = "sha256:8fcb0cb46e1229065e344758980924e569bef5882ef45f46fada8fb24e06b74a"
url = "https://github.com/astral-sh/uv/releases/download/0.12.1/uv-x86_64-pc-windows-msvc.zip"
url_api = "https://api.github.com/repos/astral-sh/uv/releases/assets/497097149"
provenance = "github-attestations"
