# @generated - this file is auto-generated by `mise lock` https://mise.jdx.dev/dev-tools/mise-lock.html

lockfile_version = 2

[[tools."aqua:BurntSushi/ripgrep"]]
version = "15.2.0"
backend = "aqua:BurntSushi/ripgrep"
specifiers = ["latest"]

[[tools."aqua:Byron/dua-cli"]]
version = "2.45.0"
backend = "aqua:Byron/dua-cli"
specifiers = ["latest"]

[[tools."aqua:LuaLS/lua-language-server"]]
version = "3.19.1"
backend = "aqua:LuaLS/lua-language-server"
specifiers = ["latest"]

[[tools."aqua:Myriad-Dreamin/tinymist"]]
version = "0.15.8"
backend = "aqua:Myriad-Dreamin/tinymist"
specifiers = ["latest"]

[[tools."aqua:Wilfred/difftastic"]]
version = "0.71.0"
backend = "aqua:Wilfred/difftastic"
specifiers = ["latest"]

[[tools."aqua:antonmedv/fx"]]
version = "39.2.0"
backend = "aqua:antonmedv/fx"
specifiers = ["latest"]

[[tools."aqua:cargo-bins/cargo-binstall"]]
version = "1.24.0"
backend = "aqua:cargo-bins/cargo-binstall"
specifiers = ["latest"]

[[tools."aqua:getzola/zola"]]
version = "0.21.0"
backend = "aqua:getzola/zola"
specifiers = ["0.21.0"]

[[tools."aqua:lima-vm/lima"]]
version = "2.2.0"
backend = "aqua:lima-vm/lima"
specifiers = ["latest"]

[[tools."aqua:mvdan/sh"]]
version = "3.14.1"
backend = "aqua:mvdan/sh"
specifiers = ["latest"]

[tools."aqua:mvdan/sh".options]
"vars.filter_bins" = "shfmt"

[[tools."aqua:pnpm/pnpm"]]
version = "12.8.1"
backend = "aqua:pnpm/pnpm"
specifiers = ["latest"]

[[tools."asdf:mise-plugins/mise-clojure"]]
version = "1.12.6.1673"
backend = "asdf:mise-plugins/mise-clojure"
specifiers = ["latest"]

[[tools."cargo:broot"]]
version = "1.60.2"
backend = "cargo:broot"
specifiers = ["latest"]

[[tools."cargo:cargo-outdated"]]
version = "0.19.0"
backend = "cargo:cargo-outdated"
specifiers = ["latest"]

[[tools."cargo:cargo-sweep"]]
version = "0.8.0"
backend = "cargo:cargo-sweep"
specifiers = ["latest"]

[[tools."cargo:counts"]]
version = "1.0.7"
backend = "cargo:counts"
specifiers = ["latest"]

[[tools."cargo:https://github.com/jj-vcs/jj"]]
version = "rev:f1b29bced933e289096a9c98276153e29dd95674"
backend = "cargo:https://github.com/jj-vcs/jj"
specifiers = ["rev:f1b29bced933e289096a9c98276153e29dd95674"]

[tools."cargo:https://github.com/jj-vcs/jj".options]
bin = "jj"
crate = "jj-cli"

[[tools."cargo:librespot"]]
version = "0.8.0"
backend = "cargo:librespot"
specifiers = ["latest"]

[[tools."cargo:mdbook"]]
version = "0.5.4"
backend = "cargo:mdbook"
specifiers = ["latest"]

[[tools."github:clojure-lsp/clojure-lsp"]]
version = "2026.07.06-14.34.19"
backend = "github:clojure-lsp/clojure-lsp"
specifiers = ["latest"]

[[tools."github:glide-browser/glide"]]
version = "0.1.64a"
backend = "github:glide-browser/glide"
specifiers = ["latest"]

[[tools."github:rustsec/rustsec"]]
version = "0.22.2"
backend = "github:rustsec/rustsec"
specifiers = ["latest"]

[tools."github:rustsec/rustsec".options]
matching = "cargo-audit-"
version_prefix = "cargo-audit/v"

[[tools.node]]
version = "24.21.0"
backend = "core:node"
specifiers = ["lts"]

[[tools."npm:bash-language-server"]]
version = "5.8.1"
backend = "npm:bash-language-server"
specifiers = ["latest"]

[[tools."npm:oxlint"]]
version = "1.86.0"
backend = "npm:oxlint"
specifiers = ["latest"]

[[tools."npm:perlnavigator-server"]]
version = "0.8.20"
backend = "npm:perlnavigator-server"
specifiers = ["latest"]

[[tools."npm:typescript-language-server"]]
version = "6.0.1"
backend = "npm:typescript-language-server"
specifiers = ["latest"]

[[tools."npm:vscode-langservers-extracted"]]
version = "4.10.0"
backend = "npm:vscode-langservers-extracted"
specifiers = ["latest"]

[[tools."pipx:git-revise"]]
version = "0.8.0"
backend = "pipx:git-revise"
specifiers = ["latest"]

[[tools."pipx:pylint"]]
version = "4.0.9"
backend = "pipx:pylint"
specifiers = ["latest"]
uv = { path = ".mise/locks/pipx-pylint/4.0.9", digest = "sha256:5721e4c8505994d191f23677b6cb9cab61e2ddaa4031c1b2e964df68bfbfba87" }

[[tools."pipx:pytest"]]
version = "9.1.1"
backend = "pipx:pytest"
specifiers = ["latest"]

[tools."pipx:pytest".options]
uvx_args = "--with pytest-xdist --with pytest-sugar --with pytest-instafail"

[[tools."pipx:yt-dlp"]]
version = "2026.8.19"
backend = "pipx:yt-dlp"
specifiers = ["latest"]
uv = { path = ".mise/locks/pipx-yt-dlp/2026.8.19", digest = "sha256:257673f14e504ada34a1db17a8d0dba4488d0d01e1dc23f3267c884147310f2d" }

[[tools.python]]
version = "3.14.7"
backend = "core:python"
specifiers = ["latest"]

[[tools.rust]]
version = "nightly-2026-09-30"
backend = "core:rust"
specifiers = ["nightly"]

[tools.rust.options]
components = "clippy,miri,rust-analyzer,rustfmt"
profile = "minimal"

[[tools.uv]]
version = "0.12.20"
backend = "aqua:astral-sh/uv"
specifiers = ["latest"]
