{
  "name": "search-bsky-likes",
  "version": "1.0.0",
  "lockfileVersion": 3,
  "requires": true,
  "packages": {
    "": {
      "name": "search-bsky-likes",
      "dependencies": {
        "@atproto/api": "0.20.42",
        "@atproto/oauth-client-node": "0.5.4"
      },
      "devDependencies": {
        "@types/node": "24.3.1",
        "typescript": "5.9.2"
      },
      "engines": {
        "node": ">=24"
      }
    },
    "node_modules/@atproto-labs/did-resolver": {
      "version": "0.3.7",
      "resolved": "https://registry.npmjs.org/@atproto-labs/did-resolver/-/did-resolver-0.3.7.tgz",
      "integrity": "sha512-F3M3U5cU1QSAXX3J5auGEc5N2pgDgpirAjvyDFsytXuyWfrjWfTPd/H+DZrrED7gK+noW0cAWtxxjdX7/cTSVQ==",
      "license": "MIT",
      "dependencies": {
        "@atproto-labs/fetch": "^0.3.5",
        "@atproto-labs/pipe": "^0.2.4",
        "@atproto-labs/simple-store": "^0.5.1",
        "@atproto-labs/simple-store-memory": "^0.2.6",
        "@atproto/did": "^0.5.4",
        "zod": "^3.23.8"
      },
      "engines": {
        "node": ">=22"
      }
    },
    "node_modules/@atproto-labs/fetch": {
      "version": "0.3.5",
      "resolved": "https://registry.npmjs.org/@atproto-labs/fetch/-/fetch-0.3.5.tgz",
      "integrity": "sha512-iDFZEoNqfL17EVKE+uNzdUD7YF8LWhEhxeBtP6x+PNuAxoXv3ip9vLmB8nNzNxFwVn++FipfDtSiPqmziv1bdA==",
      "license": "MIT",
      "dependencies": {
        "@atproto-labs/pipe": "^0.2.4"
      },
      "engines": {
        "node": ">=22"
      }
    },
    "node_modules/@atproto-labs/fetch-node": {
      "version": "0.3.7",
      "resolved": "https://registry.npmjs.org/@atproto-labs/fetch-node/-/fetch-node-0.3.7.tgz",
      "integrity": "sha512-WZvjXIeEHGeOPmeckyGiSGeoHhkvzwnKtSrRSxgnHakkNqlKNLmPbUIYOIiJgiYgBSOCbse5NpPLRu3Zdw2+gA==",
      "license": "MIT",
      "dependencies": {
        "@atproto-labs/fetch": "^0.3.5",
        "@atproto-labs/pipe": "^0.2.4",
        "ipaddr.js": "^2.1.0",
        "undici_v6": "npm:undici@^6.x",
        "undici_v7": "npm:undici@^7.x",
        "undici_v8": "npm:undici@^8.x"
      },
      "engines": {
        "node": ">=22"
      }
    },
    "node_modules/@atproto-labs/handle-resolver": {
      "version": "0.4.8",
      "resolved": "https://registry.npmjs.org/@atproto-labs/handle-resolver/-/handle-resolver-0.4.8.tgz",
      "integrity": "sha512-38I+j8Efs+cCgW/NX9RFKKu7qv/AF+FqxlKS8sWjXlNZSHQZqPj5cnKVQhSsJCs4ypPB84iKch8w4/STd33bLg==",
      "license": "MIT",
      "dependencies": {
        "@atproto-labs/simple-store": "^0.5.1",
        "@atproto-labs/simple-store-memory": "^0.2.6",
        "@atproto/did": "^0.5.4",
        "zod": "^3.23.8"
      },
      "engines": {
        "node": ">=22"
      }
    },
    "node_modules/@atproto-labs/handle-resolver-node": {
      "version": "0.2.8",
      "resolved": "https://registry.npmjs.org/@atproto-labs/handle-resolver-node/-/handle-resolver-node-0.2.8.tgz",
      "integrity": "sha512-S4HR3s15TP85LpBvK2pfmJgXRFEX9rPFpcRfBPeW1Rh2Bj8ixN5VZwOgABz2fHTyMidEZLyFGxc0G5HlVh0aWw==",
      "license": "MIT",
      "dependencies": {
        "@atproto-labs/fetch-node": "^0.3.7",
        "@atproto-labs/handle-resolver": "^0.4.8",
        "@atproto/did": "^0.5.4"
      },
      "engines": {
        "node": ">=22"
      }
    },
    "node_modules/@atproto-labs/identity-resolver": {
      "version": "0.4.7",
      "resolved": "https://registry.npmjs.org/@atproto-labs/identity-resolver/-/identity-resolver-0.4.7.tgz",
      "integrity": "sha512-lKDaiBHoxrqTOFdSKAAPpplEtbbFrH4djGjnXJtOSMnZ46k7+G7AkCr1xycGGPOBYfyF54zRnTp0Tt8iu86qWg==",
      "license": "MIT",
      "dependencies": {
        "@atproto-labs/did-resolver": "^0.3.7",
        "@atproto-labs/handle-resolver": "^0.4.8"
      },
      "engines": {
        "node": ">=22"
      }
    },
    "node_modules/@atproto-labs/pipe": {
      "version": "0.2.4",
      "resolved": "https://registry.npmjs.org/@atproto-labs/pipe/-/pipe-0.2.4.tgz",
      "integrity": "sha512-n67jCcrC+ouAeO10cWkpPzzLMlDi/lDCU30Us+LGqhOPhT6c4t5ASdBLQi9W3jUQtRzQBt3G9zipF+xKWNvVbw==",
      "license": "MIT",
      "engines": {
        "node": ">=22"
      }
    },
    "node_modules/@atproto-labs/simple-store": {
      "version": "0.5.1",
      "resolved": "https://registry.npmjs.org/@atproto-labs/simple-store/-/simple-store-0.5.1.tgz",
      "integrity": "sha512-vfvoDhu6ds6BT3Pqe+d2/LBU1WpDRtt69y6zltlfMCoucPm82m1j50/Wb6xTvv+oZ+2j0JyZVXsmXQ12SWYQJg==",
      "license": "MIT",
      "engines": {
        "node": ">=22"
      }
    },
    "node_modules/@atproto-labs/simple-store-memory": {
      "version": "0.2.6",
      "resolved": "https://registry.npmjs.org/@atproto-labs/simple-store-memory/-/simple-store-memory-0.2.6.tgz",
      "integrity": "sha512-DD1v7MEfYF3BAcEpMTTpzfBLWLoI2HuyBhku2YpjHoqPrRrhCtE1alkxfPHjtjJVIjuU/XNU0cF/wB3+5FiKsA==",
      "license": "MIT",
      "dependencies": {
        "@atproto-labs/simple-store": "^0.5.1",
        "lru-cache": "^10.2.0"
      },
      "engines": {
        "node": ">=22"
      }
    },
    "node_modules/@atproto/api": {
      "version": "0.20.42",
      "resolved": "https://registry.npmjs.org/@atproto/api/-/api-0.20.42.tgz",
      "integrity": "sha512-x86WgkHFcNqDIo8gf52npc1KvFXlIPDLAJdIhiH1uUAwiQxDw8/WU0iH3pTl1OXMKkB93kwxG0ihx0fTi5FPbw==",
      "license": "MIT",
      "dependencies": {
        "@atproto/common-web": "^0.5.10",
        "@atproto/lexicon": "^0.7.12",
        "@atproto/syntax": "^0.7.5",
        "@atproto/xrpc": "^0.8.11",
        "await-lock": "^3.0.0",
        "multiformats": "^13.0.0",
        "tlds": "^1.234.0",
        "zod": "^3.23.8"
      },
      "engines": {
        "node": ">=22"
      }
    },
    "node_modules/@atproto/common-web": {
      "version": "0.5.10",
      "resolved": "https://registry.npmjs.org/@atproto/common-web/-/common-web-0.5.10.tgz",
      "integrity": "sha512-w4JUdsJ3VXt8ewkavYh5m/u0UbxDtFdCKhNZPEpJ0U1vcWIjDaSInIexteETDgD7fBJAhidIEi30MGz1kk49ug==",
      "license": "MIT",
      "dependencies": {
        "@atproto/lex-data": "^0.1.7",
        "@atproto/lex-json": "^0.1.6",
        "@atproto/syntax": "^0.7.5",
        "zod": "^3.23.8"
      },
      "engines": {
        "node": ">=22"
      }
    },
    "node_modules/@atproto/did": {
      "version": "0.5.4",
      "resolved": "https://registry.npmjs.org/@atproto/did/-/did-0.5.4.tgz",
      "integrity": "sha512-BlnwQ+obL+4ZA71KH/EzZ3TY+cpSxnLiUI85mjBJIQwvDF/oN2sQA18wIj9jpduviIt2b/cMtlJuzHjzBkfXvw==",
      "license": "MIT",
      "dependencies": {
        "zod": "^3.23.8"
      },
      "engines": {
        "node": ">=22"
      }
    },
    "node_modules/@atproto/jwk": {
      "version": "0.7.4",
      "resolved": "https://registry.npmjs.org/@atproto/jwk/-/jwk-0.7.4.tgz",
      "integrity": "sha512-tq7TUDmNfe1yDfpRgdGQMJdl9TUlJmREQNCag9yg5w8Evu+TOiFiLgiOCbo7X4ouRPSgd1DpOzXbUa8UyKKMZA==",
      "license": "MIT",
      "dependencies": {
        "multiformats": "^13.0.0",
        "zod": "^3.23.8"
      },
      "engines": {
        "node": ">=22"
      }
    },
    "node_modules/@atproto/jwk-jose": {
      "version": "0.2.4",
      "resolved": "https://registry.npmjs.org/@atproto/jwk-jose/-/jwk-jose-0.2.4.tgz",
      "integrity": "sha512-gzDoA0JTwnc0ZJOBLM7WX9xFxtynRS2K1Bofb8epzoMWDQvyvfbPcfkdPrKFM7NXCFUVpGpBnsCB8KFPTf1rCg==",
      "license": "MIT",
      "dependencies": {
        "@atproto/jwk": "^0.7.4",
        "jose": "^5.2.0"
      },
      "engines": {
        "node": ">=22"
      }
    },
    "node_modules/@atproto/jwk-webcrypto": {
      "version": "0.3.4",
      "resolved": "https://registry.npmjs.org/@atproto/jwk-webcrypto/-/jwk-webcrypto-0.3.4.tgz",
      "integrity": "sha512-UsFIUozqnRecXPo6HgKV4PW4FqYHxX1V3iAe0rRV6Q2RSfYD8V2mZ89pv8NpvJynnaqJArBQ7HZlcg0F4tRYhA==",
      "license": "MIT",
      "dependencies": {
        "@atproto/jwk": "^0.7.4",
        "@atproto/jwk-jose": "^0.2.4",
        "zod": "^3.23.8"
      },
      "engines": {
        "node": ">=22"
      }
    },
    "node_modules/@atproto/lex-data": {
      "version": "0.1.7",
      "resolved": "https://registry.npmjs.org/@atproto/lex-data/-/lex-data-0.1.7.tgz",
      "integrity": "sha512-kW/dPLqo/WgCLV+XESR4JKwV6c1rZWJGOfuPupZGTjEDAKoBbKXdaEzX9/1vKQYbZ9U3j0DS/n7OFFK7wBugyQ==",
      "license": "MIT",
      "dependencies": {
        "multiformats": "^13.0.0",
        "tslib": "^2.8.1",
        "unicode-segmenter": "^0.14.0"
      },
      "engines": {
        "node": ">=22"
      }
    },
    "node_modules/@atproto/lex-json": {
      "version": "0.1.6",
      "resolved": "https://registry.npmjs.org/@atproto/lex-json/-/lex-json-0.1.6.tgz",
      "integrity": "sha512-mvrAd0lbyuecIHjyld8QN6MN6CBf4j0GCxLzegsvLh0SvDf+GbYWklkcQqmITL44yFQOwmA/QNIQj0Uvh7+R/g==",
      "license": "MIT",
      "dependencies": {
        "@atproto/lex-data": "^0.1.7",
        "tslib": "^2.8.1"
      },
      "engines": {
        "node": ">=22"
      }
    },
    "node_modules/@atproto/lexicon": {
      "version": "0.7.12",
      "resolved": "https://registry.npmjs.org/@atproto/lexicon/-/lexicon-0.7.12.tgz",
      "integrity": "sha512-bXVWXc2+ctVVUc3CEuWV9mVXRMMQcWmdzmyRE7w2Rli0B36HADU49Vvi7PWTw26zFFqumYVl9b23bW3vrzAzbg==",
      "license": "MIT",
      "dependencies": {
        "@atproto/common-web": "^0.5.10",
        "@atproto/syntax": "^0.7.5",
        "multiformats": "^13.0.0",
        "zod": "^3.23.8"
      },
      "engines": {
        "node": ">=22"
      }
    },
    "node_modules/@atproto/oauth-client": {
      "version": "0.8.4",
      "resolved": "https://registry.npmjs.org/@atproto/oauth-client/-/oauth-client-0.8.4.tgz",
      "integrity": "sha512-fO3V+4f3Tm6tHKxjXoE/fNREcO3IjQVGPpyfX7FTrkJhu+pWk68TQ5bwUNon14zxIUr8V5RQq2egY5CA/x0wKQ==",
      "license": "MIT",
      "dependencies": {
        "@atproto-labs/did-resolver": "^0.3.7",
        "@atproto-labs/fetch": "^0.3.5",
        "@atproto-labs/handle-resolver": "^0.4.8",
        "@atproto-labs/identity-resolver": "^0.4.7",
        "@atproto-labs/simple-store": "^0.5.1",
        "@atproto-labs/simple-store-memory": "^0.2.6",
        "@atproto/did": "^0.5.4",
        "@atproto/jwk": "^0.7.4",
        "@atproto/oauth-types": "^0.7.5",
        "@atproto/xrpc": "^0.8.11",
        "core-js": "^3.50.0",
        "multiformats": "^13.0.0",
        "zod": "^3.23.8"
      },
      "engines": {
        "node": ">=22"
      }
    },
    "node_modules/@atproto/oauth-client-node": {
      "version": "0.5.4",
      "resolved": "https://registry.npmjs.org/@atproto/oauth-client-node/-/oauth-client-node-0.5.4.tgz",
      "integrity": "sha512-qDRMu4UGwiulCqhlPH7LYLxPehnNzPVpnvEQ2FaWzFUWAhW9bsSghXkLmeaOMlR9R50JisQR8BBS6dDW9AzVYA==",
      "license": "MIT",
      "dependencies": {
        "@atproto-labs/did-resolver": "^0.3.7",
        "@atproto-labs/handle-resolver-node": "^0.2.8",
        "@atproto-labs/simple-store": "^0.5.1",
        "@atproto/did": "^0.5.4",
        "@atproto/jwk": "^0.7.4",
        "@atproto/jwk-jose": "^0.2.4",
        "@atproto/jwk-webcrypto": "^0.3.4",
        "@atproto/oauth-client": "^0.8.4",
        "@atproto/oauth-types": "^0.7.5"
      },
      "engines": {
        "node": ">=22"
      }
    },
    "node_modules/@atproto/oauth-types": {
      "version": "0.7.5",
      "resolved": "https://registry.npmjs.org/@atproto/oauth-types/-/oauth-types-0.7.5.tgz",
      "integrity": "sha512-x75O0HsKB1IGfBikAQrrTX6EL8Rt4Q0+wMcwhZQRGPk/N/WqbYbsW3Powj4R8ZJKSfWCpVfaw32Piu1pTi891Q==",
      "license": "MIT",
      "dependencies": {
        "@atproto/did": "^0.5.4",
        "@atproto/jwk": "^0.7.4",
        "zod": "^3.23.8"
      },
      "engines": {
        "node": ">=22"
      }
    },
    "node_modules/@atproto/syntax": {
      "version": "0.7.5",
      "resolved": "https://registry.npmjs.org/@atproto/syntax/-/syntax-0.7.5.tgz",
      "integrity": "sha512-6vnLQK8OAzg0dO6z/xnvuXn5zMV0UMI54zbxk7G7BXhGlIlLMb1yo+JVYtAlv8Nxzr+AaFdNZ8AJt+L/QhJMFQ==",
      "license": "MIT",
      "dependencies": {
        "iso-datestring-validator": "^2.2.2",
        "tslib": "^2.8.1"
      },
      "engines": {
        "node": ">=22"
      }
    },
    "node_modules/@atproto/xrpc": {
      "version": "0.8.11",
      "resolved": "https://registry.npmjs.org/@atproto/xrpc/-/xrpc-0.8.11.tgz",
      "integrity": "sha512-5M38m9REQouVIA4/Gh0wqo6Vncr3QbG7rb5oqlEbqB+f77pruCk4JLDipfrOrsXH+pdnVnU2IaPXvpsSAC7Mqw==",
      "license": "MIT",
      "dependencies": {
        "@atproto/lexicon": "^0.7.12",
        "zod": "^3.23.8"
      },
      "engines": {
        "node": ">=22"
      }
    },
    "node_modules/@types/node": {
      "version": "24.3.1",
      "resolved": "https://registry.npmjs.org/@types/node/-/node-24.3.1.tgz",
      "integrity": "sha512-3vXmQDXy+woz+gnrTvuvNrPzekOi+Ds0ReMxw0LzBiK3a+1k0kQn9f2NWk+lgD4rJehFUmYy2gMhJ2ZI+7YP9g==",
      "dev": true,
      "license": "MIT",
      "dependencies": {
        "undici-types": "~7.10.0"
      }
    },
    "node_modules/await-lock": {
      "version": "3.0.0",
      "resolved": "https://registry.npmjs.org/await-lock/-/await-lock-3.0.0.tgz",
      "integrity": "sha512-eO6fLiSnrJrMdjWMNK8zbVRXPs2TKJg78iKZd9wDpN3na5tcoV6EoeiOlMgk2QaAQ1gIrK1YuMsJHXWqz89tSA==",
      "license": "MIT"
    },
    "node_modules/core-js": {
      "version": "3.50.0",
      "resolved": "https://registry.npmjs.org/core-js/-/core-js-3.50.0.tgz",
      "integrity": "sha512-BRWgOLKkFeCgRudR6zrs8p9XJZcE14grzKMMssoYrk6krtuEZ7MTKPIY5RzOnqsEKIR9kst7wNzphttraT+Yqw==",
      "hasInstallScript": true,
      "license": "MIT",
      "engines": {
        "node": "*"
      },
      "funding": {
        "type": "opencollective",
        "url": "https://opencollective.com/core-js"
      }
    },
    "node_modules/ipaddr.js": {
      "version": "2.5.0",
      "resolved": "https://registry.npmjs.org/ipaddr.js/-/ipaddr.js-2.5.0.tgz",
      "integrity": "sha512-aq+t5NAc+cS6rZQQVWC2x98CPqGtKKTMDd4Gaodv0wShnItdKg/51djkGJ1hqH+Oy0ivDftCbSLCQob8zso01w==",
      "license": "MIT",
      "engines": {
        "node": ">= 10"
      }
    },
    "node_modules/iso-datestring-validator": {
      "version": "2.2.2",
      "resolved": "https://registry.npmjs.org/iso-datestring-validator/-/iso-datestring-validator-2.2.2.tgz",
      "integrity": "sha512-yLEMkBbLZTlVQqOnQ4FiMujR6T4DEcCb1xizmvXS+OxuhwcbtynoosRzdMA69zZCShCNAbi+gJ71FxZBBXx1SA==",
      "license": "MIT"
    },
    "node_modules/jose": {
      "version": "5.10.0",
      "resolved": "https://registry.npmjs.org/jose/-/jose-5.10.0.tgz",
      "integrity": "sha512-s+3Al/p9g32Iq+oqXxkW//7jk2Vig6FF1CFqzVXoTUXt2qz89YWbL+OwS17NFYEvxC35n0FKeGO2LGYSxeM2Gg==",
      "license": "MIT",
      "funding": {
        "url": "https://github.com/sponsors/panva"
      }
    },
    "node_modules/lru-cache": {
      "version": "10.4.3",
      "resolved": "https://registry.npmjs.org/lru-cache/-/lru-cache-10.4.3.tgz",
      "integrity": "sha512-JNAzZcXrCt42VGLuYz0zfAzDfAvJWW6AfYlDBQyDV5DClI2m5sAmK+OIO7s59XfsRsWHp02jAJrRadPRGTt6SQ==",
      "license": "ISC"
    },
    "node_modules/multiformats": {
      "version": "13.4.2",
      "resolved": "https://registry.npmjs.org/multiformats/-/multiformats-13.4.2.tgz",
      "integrity": "sha512-eh6eHCrRi1+POZ3dA+Dq1C6jhP1GNtr9CRINMb67OKzqW9I5DUuZM/3jLPlzhgpGeiNUlEGEbkCYChXMCc/8DQ==",
      "license": "Apache-2.0 OR MIT"
    },
    "node_modules/tlds": {
      "version": "1.261.0",
      "resolved": "https://registry.npmjs.org/tlds/-/tlds-1.261.0.tgz",
      "integrity": "sha512-QXqwfEl9ddlGBaRFXIvNKK6OhipSiLXuRuLJX5DErz0o0Q0rYxulWLdFryTkV5PkdZct5iMInwYEGe/eR++1AA==",
      "license": "MIT",
      "bin": {
        "tlds": "bin.js"
      }
    },
    "node_modules/tslib": {
      "version": "2.8.1",
      "resolved": "https://registry.npmjs.org/tslib/-/tslib-2.8.1.tgz",
      "integrity": "sha512-oJFu94HQb+KVduSUQL7wnpmqnfmLsOA/nAh6b6EH0wCEoK0/mPeXU6c3wKDV83MkOuHPRHtSXKKU99IBazS/2w==",
      "license": "0BSD"
    },
    "node_modules/typescript": {
      "version": "5.9.2",
      "resolved": "https://registry.npmjs.org/typescript/-/typescript-5.9.2.tgz",
      "integrity": "sha512-CWBzXQrc/qOkhidw1OzBTQuYRbfyxDXJMVJ1XNwUHGROVmuaeiEm3OslpZ1RV96d7SKKjZKrSJu3+t/xlw3R9A==",
      "dev": true,
      "license": "Apache-2.0",
      "bin": {
        "tsc": "bin/tsc",
        "tsserver": "bin/tsserver"
      },
      "engines": {
        "node": ">=14.17"
      }
    },
    "node_modules/undici_v6": {
      "name": "undici",
      "version": "6.28.1",
      "resolved": "https://registry.npmjs.org/undici/-/undici-6.28.1.tgz",
      "integrity": "sha512-zWpdTVD54H48CIybL0rWQ3ukpb9d23wM7eH5RtfdmeP70cWHNjtfo7P4vZX+5CoDcO53J4Pu5uXp7lNfjc6DRA==",
      "license": "MIT",
      "engines": {
        "node": ">=18.17"
      }
    },
    "node_modules/undici_v7": {
      "name": "undici",
      "version": "7.29.1",
      "resolved": "https://registry.npmjs.org/undici/-/undici-7.29.1.tgz",
      "integrity": "sha512-RYONW2MeafgYlkVOKYKkA/Ag7BmXqgIWCa8t1m0JcxrQg9pI9lEqRhAOruOBCbAohOa/gkCF+iPi9hrgvTzu6Q==",
      "license": "MIT",
      "engines": {
        "node": ">=20.18.1"
      }
    },
    "node_modules/undici_v8": {
      "name": "undici",
      "version": "8.10.2",
      "resolved": "https://registry.npmjs.org/undici/-/undici-8.10.2.tgz",
      "integrity": "sha512-/y4/bH9YNU5hi9NIrpOuvGXFcxrj3CMrV+/AYpowAYTpHn8gX/XPFjNy766FPoYY0miQhdW977JFWKGNhBdwyQ==",
      "license": "MIT",
      "engines": {
        "node": ">=22.19.0"
      }
    },
    "node_modules/undici-types": {
      "version": "7.10.0",
      "resolved": "https://registry.npmjs.org/undici-types/-/undici-types-7.10.0.tgz",
      "integrity": "sha512-t5Fy/nfn+14LuOc2KNYg75vZqClpAiqscVvMygNnlsHBFpSXdJaYtXMcdNLpl/Qvc3P2cB3s6lOV51nqsFq4ag==",
      "dev": true,
      "license": "MIT"
    },
    "node_modules/unicode-segmenter": {
      "version": "0.14.5",
      "resolved": "https://registry.npmjs.org/unicode-segmenter/-/unicode-segmenter-0.14.5.tgz",
      "integrity": "sha512-jHGmj2LUuqDcX3hqY12Ql+uhUTn8huuxNZGq7GvtF6bSybzH3aFgedYu/KTzQStEgt1Ra2F3HxadNXsNjb3m3g==",
      "license": "MIT"
    },
    "node_modules/zod": {
      "version": "3.25.76",
      "resolved": "https://registry.npmjs.org/zod/-/zod-3.25.76.tgz",
      "integrity": "sha512-gzUt/qt81nXsFGKIFcC3YnfEAx5NkunCfnDlvuBSSFS02bcXu4Lmea0AFIUwbLWxWPx3d9p8S5QoaujKcNQxcQ==",
      "license": "MIT",
      "funding": {
        "url": "https://github.com/sponsors/colinhacks"
      }
    }
  }
}
