{
  "name": "dotfiles-pi-extensions",
  "lockfileVersion": 3,
  "requires": true,
  "packages": {
    "": {
      "name": "dotfiles-pi-extensions",
      "dependencies": {
        "pi-mcp-adapter": "5.2.0"
      }
    },
    "node_modules/@earendil-works/pi-tui": {
      "version": "1.1.0",
      "resolved": "https://registry.npmjs.org/@earendil-works/pi-tui/-/pi-tui-1.1.0.tgz",
      "integrity": "sha512-v7wkS0y2ErZvZkSfemqd9RrBZJ5x6p8Ujsv7NdJj01IXJyFM0kNL6rMdcKcvTe7EVTd6ugvDB9VPZSoaBF9QxQ==",
      "license": "MIT",
      "peer": true,
      "dependencies": {
        "get-east-asian-width": "1.6.0",
        "marked": "18.0.11"
      },
      "engines": {
        "node": ">=22.19.0"
      }
    },
    "node_modules/@modelcontextprotocol/client": {
      "version": "2.3.1",
      "resolved": "https://registry.npmjs.org/@modelcontextprotocol/client/-/client-2.3.1.tgz",
      "integrity": "sha512-mIGZXpHsjnZ6lD+gD/WCMpR5k8yVQQ8nNFH1N0Srf7AvnwTUMYD6pvTY8ng2+He5FfV7YMZLmrjL7cLa/cc3dQ==",
      "license": "Apache-2.0",
      "dependencies": {
        "@modelcontextprotocol/core": "2.3.1",
        "cross-spawn": "^7.0.5",
        "eventsource": "^3.0.2",
        "eventsource-parser": "^3.0.8",
        "jose": "^6.1.3",
        "pkce-challenge": "^5.0.0",
        "zod": "^4.2.0"
      },
      "engines": {
        "node": ">=20"
      }
    },
    "node_modules/@modelcontextprotocol/core": {
      "version": "2.3.1",
      "resolved": "https://registry.npmjs.org/@modelcontextprotocol/core/-/core-2.3.1.tgz",
      "integrity": "sha512-laVmIhPGpWi7rG9q+0UigblRN0Hws/Yjlb6qLFtVqryXVLkc4h+yN8z731POD2LnAGQlFe7/tXhUm7Bi0YB91g==",
      "license": "Apache-2.0",
      "dependencies": {
        "zod": "^4.2.0"
      },
      "engines": {
        "node": ">=20"
      }
    },
    "node_modules/@modelcontextprotocol/ext-tasks": {
      "version": "0.1.0",
      "resolved": "https://registry.npmjs.org/@modelcontextprotocol/ext-tasks/-/ext-tasks-0.1.0.tgz",
      "integrity": "sha512-N6kQdDoR8bQcXFvoB0qsPh2k5/hr+aQDKngiJH8P2u3L68bdX0yMuPRMAZ6JHBGTA51rRFc3ajhiosEaeW9U1A==",
      "license": "Apache-2.0",
      "dependencies": {
        "zod": "^4.5.4"
      },
      "peerDependencies": {
        "@modelcontextprotocol/client": "^2.0.0"
      },
      "peerDependenciesMeta": {
        "@modelcontextprotocol/client": {
          "optional": true
        }
      }
    },
    "node_modules/@napi-rs/keyring": {
      "version": "2.1.0",
      "resolved": "https://registry.npmjs.org/@napi-rs/keyring/-/keyring-2.1.0.tgz",
      "integrity": "sha512-km9J3fomkGSLpImpelq0cMvLBrJ5eVlTzuWdG3Iy0laP6gU90MmHYjqhUhG32aYq0/0++r2TLuAA9xlnh4XU1g==",
      "license": "MIT",
      "engines": {
        "node": ">= 10"
      },
      "funding": {
        "type": "github",
        "url": "https://github.com/sponsors/Brooooooklyn"
      },
      "optionalDependencies": {
        "@napi-rs/keyring-darwin-arm64": "2.1.0",
        "@napi-rs/keyring-darwin-x64": "2.1.0",
        "@napi-rs/keyring-freebsd-x64": "2.1.0",
        "@napi-rs/keyring-linux-arm-gnueabihf": "2.1.0",
        "@napi-rs/keyring-linux-arm64-gnu": "2.1.0",
        "@napi-rs/keyring-linux-arm64-musl": "2.1.0",
        "@napi-rs/keyring-linux-riscv64-gnu": "2.1.0",
        "@napi-rs/keyring-linux-x64-gnu": "2.1.0",
        "@napi-rs/keyring-linux-x64-musl": "2.1.0",
        "@napi-rs/keyring-win32-arm64-msvc": "2.1.0",
        "@napi-rs/keyring-win32-ia32-msvc": "2.1.0",
        "@napi-rs/keyring-win32-x64-msvc": "2.1.0"
      }
    },
    "node_modules/@napi-rs/keyring-darwin-arm64": {
      "version": "2.1.0",
      "resolved": "https://registry.npmjs.org/@napi-rs/keyring-darwin-arm64/-/keyring-darwin-arm64-2.1.0.tgz",
      "integrity": "sha512-j6ATTOhmPW+N5EKwi8Yzn6P4Bz/uqnxzyYvqOL73/dgzDSYG5pS5eprqpVmOLse68WUTf79ZMqz97HnfvirJ9g==",
      "cpu": [
        "arm64"
      ],
      "license": "MIT",
      "optional": true,
      "os": [
        "darwin"
      ],
      "engines": {
        "node": ">= 10"
      }
    },
    "node_modules/@napi-rs/keyring-darwin-x64": {
      "version": "2.1.0",
      "resolved": "https://registry.npmjs.org/@napi-rs/keyring-darwin-x64/-/keyring-darwin-x64-2.1.0.tgz",
      "integrity": "sha512-54Q803nguiOaQzBG2h4uIkacI0eLGAlzzdpxPNi6IZtXbjqbPI4AQ86GrQy25tw3czBqRPBoGu0lHP2U+/f5iA==",
      "cpu": [
        "x64"
      ],
      "license": "MIT",
      "optional": true,
      "os": [
        "darwin"
      ],
      "engines": {
        "node": ">= 10"
      }
    },
    "node_modules/@napi-rs/keyring-freebsd-x64": {
      "version": "2.1.0",
      "resolved": "https://registry.npmjs.org/@napi-rs/keyring-freebsd-x64/-/keyring-freebsd-x64-2.1.0.tgz",
      "integrity": "sha512-BL7ngJAYQBrUp1PTF8enOXOIVfxN51RbwVOEQ+8eAjWypF/5Ipqs8oQoMqkuc0wAbk+vatnNVjdKCIFa/HPglg==",
      "cpu": [
        "x64"
      ],
      "license": "MIT",
      "optional": true,
      "os": [
        "freebsd"
      ],
      "engines": {
        "node": ">= 10"
      }
    },
    "node_modules/@napi-rs/keyring-linux-arm-gnueabihf": {
      "version": "2.1.0",
      "resolved": "https://registry.npmjs.org/@napi-rs/keyring-linux-arm-gnueabihf/-/keyring-linux-arm-gnueabihf-2.1.0.tgz",
      "integrity": "sha512-JYgbCDk+giss7lKla8NTXhM/fLj+Hrfgr3xwKQ8jKn8qMD6vXLwYcfK8HJ9VoAcjIeYEUpCL6dRszJC5M4zFNg==",
      "cpu": [
        "arm"
      ],
      "license": "MIT",
      "optional": true,
      "os": [
        "linux"
      ],
      "engines": {
        "node": ">= 10"
      }
    },
    "node_modules/@napi-rs/keyring-linux-arm64-gnu": {
      "version": "2.1.0",
      "resolved": "https://registry.npmjs.org/@napi-rs/keyring-linux-arm64-gnu/-/keyring-linux-arm64-gnu-2.1.0.tgz",
      "integrity": "sha512-+PMONFQ+2GkBXG7vRG2spgR73bNCMeVpNopHoSmhj2E+5Gu6zJooRBjoaIZKj6hCyrOU8pXAhoZ22EEFQ/4YeQ==",
      "cpu": [
        "arm64"
      ],
      "libc": [
        "glibc"
      ],
      "license": "MIT",
      "optional": true,
      "os": [
        "linux"
      ],
      "engines": {
        "node": ">= 10"
      }
    },
    "node_modules/@napi-rs/keyring-linux-arm64-musl": {
      "version": "2.1.0",
      "resolved": "https://registry.npmjs.org/@napi-rs/keyring-linux-arm64-musl/-/keyring-linux-arm64-musl-2.1.0.tgz",
      "integrity": "sha512-dKjiXKTHQjAS57hL0HVzLpW9XYNGFpfYkr/51FzIIvbZR08PAnzIDYKwShoNYGvjQP6+rDFf1a5Utl0aWwcFrA==",
      "cpu": [
        "arm64"
      ],
      "libc": [
        "musl"
      ],
      "license": "MIT",
      "optional": true,
      "os": [
        "linux"
      ],
      "engines": {
        "node": ">= 10"
      }
    },
    "node_modules/@napi-rs/keyring-linux-riscv64-gnu": {
      "version": "2.1.0",
      "resolved": "https://registry.npmjs.org/@napi-rs/keyring-linux-riscv64-gnu/-/keyring-linux-riscv64-gnu-2.1.0.tgz",
      "integrity": "sha512-tqhb0ofhtEJ2+ZfmlKTDHbmIoNSz+SSTPWRgMfSVCgI4JVkqDdfcmIOcThZfRffJ3QI9C3Tng+rZL24acmD+GA==",
      "cpu": [
        "riscv64"
      ],
      "libc": [
        "glibc"
      ],
      "license": "MIT",
      "optional": true,
      "os": [
        "linux"
      ],
      "engines": {
        "node": ">= 10"
      }
    },
    "node_modules/@napi-rs/keyring-linux-x64-gnu": {
      "version": "2.1.0",
      "resolved": "https://registry.npmjs.org/@napi-rs/keyring-linux-x64-gnu/-/keyring-linux-x64-gnu-2.1.0.tgz",
      "integrity": "sha512-7ZA0ssxfpuGXV8S5Ct1ZJoEL3sKg/8u7mIL4SK9/PwKBhxIq7K+FVcjnggNsuFnEhHTX+HYl9hHDrlX0odZnHg==",
      "cpu": [
        "x64"
      ],
      "libc": [
        "glibc"
      ],
      "license": "MIT",
      "optional": true,
      "os": [
        "linux"
      ],
      "engines": {
        "node": ">= 10"
      }
    },
    "node_modules/@napi-rs/keyring-linux-x64-musl": {
      "version": "2.1.0",
      "resolved": "https://registry.npmjs.org/@napi-rs/keyring-linux-x64-musl/-/keyring-linux-x64-musl-2.1.0.tgz",
      "integrity": "sha512-dI74Fzl03CrN2TEP7YVBtUBFgyRTRPyK1LMcIgAUfgW3o6f5SD1a8EsfT82+brpFOltjOhacIlFiYOkYtSI5Fg==",
      "cpu": [
        "x64"
      ],
      "libc": [
        "musl"
      ],
      "license": "MIT",
      "optional": true,
      "os": [
        "linux"
      ],
      "engines": {
        "node": ">= 10"
      }
    },
    "node_modules/@napi-rs/keyring-win32-arm64-msvc": {
      "version": "2.1.0",
      "resolved": "https://registry.npmjs.org/@napi-rs/keyring-win32-arm64-msvc/-/keyring-win32-arm64-msvc-2.1.0.tgz",
      "integrity": "sha512-SltrXXkEe9a+Jv8ConDkZW2Mdr0srpWurS7oYkYP1Mp07DNBpFyqawRnyo4p7ZvQU3e+R6irj/Fq0epCCvVUXA==",
      "cpu": [
        "arm64"
      ],
      "license": "MIT",
      "optional": true,
      "os": [
        "win32"
      ],
      "engines": {
        "node": ">= 10"
      }
    },
    "node_modules/@napi-rs/keyring-win32-ia32-msvc": {
      "version": "2.1.0",
      "resolved": "https://registry.npmjs.org/@napi-rs/keyring-win32-ia32-msvc/-/keyring-win32-ia32-msvc-2.1.0.tgz",
      "integrity": "sha512-l5wJQhqXkAfQ4FGxoRh0wMpL9VxVmfiYI5TTeOGNupuVsQvbHmysh8gfDQBBWVhyMENHJS2OqOSYIuqVjumAtA==",
      "cpu": [
        "ia32"
      ],
      "license": "MIT",
      "optional": true,
      "os": [
        "win32"
      ],
      "engines": {
        "node": ">= 10"
      }
    },
    "node_modules/@napi-rs/keyring-win32-x64-msvc": {
      "version": "2.1.0",
      "resolved": "https://registry.npmjs.org/@napi-rs/keyring-win32-x64-msvc/-/keyring-win32-x64-msvc-2.1.0.tgz",
      "integrity": "sha512-3zYwO7dhJiUNyv2te81ujXm2vGxHwgx+z2eBm0dTYe3aWpvKQVzpfxCp/7cViJs8duVYE04wVOgXiRhRCMEq2w==",
      "cpu": [
        "x64"
      ],
      "license": "MIT",
      "optional": true,
      "os": [
        "win32"
      ],
      "engines": {
        "node": ">= 10"
      }
    },
    "node_modules/@pkgr/core": {
      "version": "0.2.10",
      "resolved": "https://registry.npmjs.org/@pkgr/core/-/core-0.2.10.tgz",
      "integrity": "sha512-x6fFWCeak8aCGfqZfe6CXYt5xVjxe9Os1cIPmVRcToInKLjhJkRVXvJ/L3/1KxFkjDQdbZV/YsuLKqa8t/xKpA==",
      "license": "MIT",
      "engines": {
        "node": "^12.20.0 || ^14.18.0 || >=16.0.0"
      },
      "funding": {
        "url": "https://opencollective.com/pkgr"
      }
    },
    "node_modules/@typesafe-ai/sdk": {
      "version": "0.6.0",
      "resolved": "https://registry.npmjs.org/@typesafe-ai/sdk/-/sdk-0.6.0.tgz",
      "integrity": "sha512-IddX+Q0XM+VagOUZFeP7wZjaO4SHMdvnh2zEBdrZZnXedWI3BNK1lKhMx3ayrkFWvVLbVcUHJy6AVZlY+e6Jaw==",
      "license": "MIT",
      "engines": {
        "node": ">=20"
      }
    },
    "node_modules/ajv": {
      "version": "8.20.0",
      "resolved": "https://registry.npmjs.org/ajv/-/ajv-8.20.0.tgz",
      "integrity": "sha512-Thbli+OlOj+iMPYFBVBfJ3OmCAnaSyNn4M1vz9T6Gka5Jt9ba/HIR56joy65tY6kx/FCF5VXNB819Y7/GUrBGA==",
      "license": "MIT",
      "dependencies": {
        "fast-deep-equal": "^3.1.3",
        "fast-uri": "^3.0.1",
        "json-schema-traverse": "^1.0.0",
        "require-from-string": "^2.0.2"
      },
      "funding": {
        "type": "github",
        "url": "https://github.com/sponsors/epoberezkin"
      }
    },
    "node_modules/ajv-formats": {
      "version": "3.0.1",
      "resolved": "https://registry.npmjs.org/ajv-formats/-/ajv-formats-3.0.1.tgz",
      "integrity": "sha512-8iUql50EUR+uUcdRQ3HDqa6EVyo3docL8g5WJ3FNcWmu62IbkGUue/pEyLBW8VGKKucTPgqeks4fIU1DA4yowQ==",
      "license": "MIT",
      "dependencies": {
        "ajv": "^8.0.0"
      },
      "peerDependencies": {
        "ajv": "^8.0.0"
      },
      "peerDependenciesMeta": {
        "ajv": {
          "optional": true
        }
      }
    },
    "node_modules/bundle-name": {
      "version": "4.1.0",
      "resolved": "https://registry.npmjs.org/bundle-name/-/bundle-name-4.1.0.tgz",
      "integrity": "sha512-tjwM5exMg6BGRI+kNmTntNsvdZS1X8BFYS6tnJ2hdH0kVxM6/eVZ2xy+FqStSWvYmtfFMDLIxurorHwDKfDz5Q==",
      "license": "MIT",
      "dependencies": {
        "run-applescript": "^7.0.0"
      },
      "engines": {
        "node": ">=18"
      },
      "funding": {
        "url": "https://github.com/sponsors/sindresorhus"
      }
    },
    "node_modules/cross-spawn": {
      "version": "7.0.6",
      "resolved": "https://registry.npmjs.org/cross-spawn/-/cross-spawn-7.0.6.tgz",
      "integrity": "sha512-uV2QOWP2nWzsy2aMp8aRibhi9dlzF5Hgh5SHaB9OiTGEyDTiJJyx0uy51QXdyWbtAHNua4XJzUKca3OzKUd3vA==",
      "license": "MIT",
      "dependencies": {
        "path-key": "^3.1.0",
        "shebang-command": "^2.0.0",
        "which": "^2.0.1"
      },
      "engines": {
        "node": ">= 8"
      }
    },
    "node_modules/default-browser": {
      "version": "5.5.0",
      "resolved": "https://registry.npmjs.org/default-browser/-/default-browser-5.5.0.tgz",
      "integrity": "sha512-H9LMLr5zwIbSxrmvikGuI/5KGhZ8E2zH3stkMgM5LpOWDutGM2JZaj460Udnf1a+946zc7YBgrqEWwbk7zHvGw==",
      "license": "MIT",
      "dependencies": {
        "bundle-name": "^4.1.0",
        "default-browser-id": "^5.0.0"
      },
      "engines": {
        "node": ">=18"
      },
      "funding": {
        "url": "https://github.com/sponsors/sindresorhus"
      }
    },
    "node_modules/default-browser-id": {
      "version": "5.0.1",
      "resolved": "https://registry.npmjs.org/default-browser-id/-/default-browser-id-5.0.1.tgz",
      "integrity": "sha512-x1VCxdX4t+8wVfd1so/9w+vQ4vx7lKd2Qp5tDRutErwmR85OgmfX7RlLRMWafRMY7hbEiXIbudNrjOAPa/hL8Q==",
      "license": "MIT",
      "engines": {
        "node": ">=18"
      },
      "funding": {
        "url": "https://github.com/sponsors/sindresorhus"
      }
    },
    "node_modules/define-lazy-prop": {
      "version": "3.0.0",
      "resolved": "https://registry.npmjs.org/define-lazy-prop/-/define-lazy-prop-3.0.0.tgz",
      "integrity": "sha512-N+MeXYoqr3pOgn8xfyRPREN7gHakLYjhsHhWGT3fWAiL4IkAt0iDw14QiiEm2bE30c5XX5q0FtAA3CK5f9/BUg==",
      "license": "MIT",
      "engines": {
        "node": ">=12"
      },
      "funding": {
        "url": "https://github.com/sponsors/sindresorhus"
      }
    },
    "node_modules/eventsource": {
      "version": "3.0.7",
      "resolved": "https://registry.npmjs.org/eventsource/-/eventsource-3.0.7.tgz",
      "integrity": "sha512-CRT1WTyuQoD771GW56XEZFQ/ZoSfWid1alKGDYMmkt2yl8UXrVR4pspqWNEcqKvVIzg6PAltWjxcSSPrboA4iA==",
      "license": "MIT",
      "dependencies": {
        "eventsource-parser": "^3.0.1"
      },
      "engines": {
        "node": ">=18.0.0"
      }
    },
    "node_modules/eventsource-parser": {
      "version": "3.1.1",
      "resolved": "https://registry.npmjs.org/eventsource-parser/-/eventsource-parser-3.1.1.tgz",
      "integrity": "sha512-EKN1vKAMcZ8MlYMpaNuxN6R9yakzH6uajHcHVTqWJzvu5pWw9DyhbP35HH8MVBQ+dZjAfDxk+A8NiR9KWaXiyQ==",
      "license": "MIT",
      "engines": {
        "node": ">=18.0.0"
      }
    },
    "node_modules/fast-deep-equal": {
      "version": "3.1.3",
      "resolved": "https://registry.npmjs.org/fast-deep-equal/-/fast-deep-equal-3.1.3.tgz",
      "integrity": "sha512-f3qQ9oQy9j2AhBe/H9VC91wLmKBCCU/gDOnKNAYG5hswO7BLKj09Hc5HYNz9cGI++xlpDCIgDaitVs03ATR84Q==",
      "license": "MIT"
    },
    "node_modules/fast-uri": {
      "version": "3.1.8",
      "resolved": "https://registry.npmjs.org/fast-uri/-/fast-uri-3.1.8.tgz",
      "integrity": "sha512-GZMtZUTNRpOVIECoXwLNZS5xUGE+mVNbTB8h/7Rwh2TFWcBQiPzTgyZi05BF9UMZKkLJv8XBRJTlU7zg8+ZfMg==",
      "funding": [
        {
          "type": "github",
          "url": "https://github.com/sponsors/fastify"
        },
        {
          "type": "opencollective",
          "url": "https://opencollective.com/fastify"
        }
      ],
      "license": "BSD-3-Clause"
    },
    "node_modules/get-east-asian-width": {
      "version": "1.6.0",
      "resolved": "https://registry.npmjs.org/get-east-asian-width/-/get-east-asian-width-1.6.0.tgz",
      "integrity": "sha512-QRbvDIbx6YklUe6RxeTeleMR0yv3cYH6PsPZHcnVn7xv7zO1BHN8r0XETu8n6Ye3Q+ahtSarc3WgtNWmehIBfA==",
      "license": "MIT",
      "peer": true,
      "engines": {
        "node": ">=18"
      },
      "funding": {
        "url": "https://github.com/sponsors/sindresorhus"
      }
    },
    "node_modules/is-docker": {
      "version": "3.0.0",
      "resolved": "https://registry.npmjs.org/is-docker/-/is-docker-3.0.0.tgz",
      "integrity": "sha512-eljcgEDlEns/7AXFosB5K/2nCM4P7FQPkGc/DWLy5rmFEWvZayGrik1d9/QIY5nJ4f9YsVvBkA6kJpHn9rISdQ==",
      "license": "MIT",
      "bin": {
        "is-docker": "cli.js"
      },
      "engines": {
        "node": "^12.20.0 || ^14.13.1 || >=16.0.0"
      },
      "funding": {
        "url": "https://github.com/sponsors/sindresorhus"
      }
    },
    "node_modules/is-inside-container": {
      "version": "1.0.0",
      "resolved": "https://registry.npmjs.org/is-inside-container/-/is-inside-container-1.0.0.tgz",
      "integrity": "sha512-KIYLCCJghfHZxqjYBE7rEy0OBuTd5xCHS7tHVgvCLkx7StIoaxwNW3hCALgEUjFfeRk+MG/Qxmp/vtETEF3tRA==",
      "license": "MIT",
      "dependencies": {
        "is-docker": "^3.0.0"
      },
      "bin": {
        "is-inside-container": "cli.js"
      },
      "engines": {
        "node": ">=14.16"
      },
      "funding": {
        "url": "https://github.com/sponsors/sindresorhus"
      }
    },
    "node_modules/is-wsl": {
      "version": "3.1.1",
      "resolved": "https://registry.npmjs.org/is-wsl/-/is-wsl-3.1.1.tgz",
      "integrity": "sha512-e6rvdUCiQCAuumZslxRJWR/Doq4VpPR82kqclvcS0efgt430SlGIk05vdCN58+VrzgtIcfNODjozVielycD4Sw==",
      "license": "MIT",
      "dependencies": {
        "is-inside-container": "^1.0.0"
      },
      "engines": {
        "node": ">=16"
      },
      "funding": {
        "url": "https://github.com/sponsors/sindresorhus"
      }
    },
    "node_modules/isexe": {
      "version": "2.0.0",
      "resolved": "https://registry.npmjs.org/isexe/-/isexe-2.0.0.tgz",
      "integrity": "sha512-RHxMLp9lnKHGHRng9QFhRCMbYAcVpn69smSGcq3f36xjgVVWThj4qqLbTLlq7Ssj8B+fIQ1EuCEGI2lKsyQeIw==",
      "license": "ISC"
    },
    "node_modules/jose": {
      "version": "6.2.12",
      "resolved": "https://registry.npmjs.org/jose/-/jose-6.2.12.tgz",
      "integrity": "sha512-9NiFmJEex0sy2Dk58j2UGBSHgUs2ypF9eZSu4L6vjOX3Dp96Sw1F3uL+H+D1sx02jZZdzUT0HgvCy59CuvXcWw==",
      "license": "MIT",
      "funding": {
        "url": "https://github.com/sponsors/panva"
      }
    },
    "node_modules/json-schema-traverse": {
      "version": "1.0.0",
      "resolved": "https://registry.npmjs.org/json-schema-traverse/-/json-schema-traverse-1.0.0.tgz",
      "integrity": "sha512-NM8/P9n3XjXhIZn1lLhkFaACTOURQXjWhV4BA/RnOv8xvgqtqpAX9IO4mRQxSx1Rlo4tqzeqb0sOlruaOy3dug==",
      "license": "MIT"
    },
    "node_modules/marked": {
      "version": "18.0.11",
      "resolved": "https://registry.npmjs.org/marked/-/marked-18.0.11.tgz",
      "integrity": "sha512-HnslJfsZkRPBDJRHvVtAaWlZHEpSu7u8LgQuJCELjRKuWR+hpq4A7sLq3p8HaI9ypVoXDXxV34CsQJEe1+J5Aw==",
      "license": "MIT",
      "peer": true,
      "bin": {
        "marked": "bin/marked.js"
      },
      "engines": {
        "node": ">= 20"
      }
    },
    "node_modules/open": {
      "version": "10.2.0",
      "resolved": "https://registry.npmjs.org/open/-/open-10.2.0.tgz",
      "integrity": "sha512-YgBpdJHPyQ2UE5x+hlSXcnejzAvD0b22U2OuAP+8OnlJT+PjWPxtgmGqKKc+RgTM63U9gN0YzrYc71R2WT/hTA==",
      "license": "MIT",
      "dependencies": {
        "default-browser": "^5.2.1",
        "define-lazy-prop": "^3.0.0",
        "is-inside-container": "^1.0.0",
        "wsl-utils": "^0.1.0"
      },
      "engines": {
        "node": ">=18"
      },
      "funding": {
        "url": "https://github.com/sponsors/sindresorhus"
      }
    },
    "node_modules/path-key": {
      "version": "3.1.1",
      "resolved": "https://registry.npmjs.org/path-key/-/path-key-3.1.1.tgz",
      "integrity": "sha512-ojmeN0qd+y0jszEtoY48r0Peq5dwMEkIlCOu6Q5f41lfkswXuKtYrhgoTpLnyIcHm24Uhqx+5Tqm2InSwLhE6Q==",
      "license": "MIT",
      "engines": {
        "node": ">=8"
      }
    },
    "node_modules/pi-mcp-adapter": {
      "version": "5.2.0",
      "resolved": "https://registry.npmjs.org/pi-mcp-adapter/-/pi-mcp-adapter-5.2.0.tgz",
      "integrity": "sha512-I1J8jEtInPYlwxoOk0WyVzHsBnP2ahYwSNKOKPEsDgwL+8dvUaGCcD220lSxwbMhaLIgnar6DCbufjoU6caHpw==",
      "license": "MIT",
      "dependencies": {
        "@modelcontextprotocol/client": "2.3.1",
        "@modelcontextprotocol/core": "2.3.1",
        "@modelcontextprotocol/ext-tasks": "^0.1.0",
        "@napi-rs/keyring": "^2.1.0",
        "@typesafe-ai/sdk": "0.6.0",
        "ajv": "^8.17.1",
        "ajv-formats": "^3.0.1",
        "cross-spawn": "^7.0.6",
        "open": "^10.2.0",
        "quickjs-wasi": "3.6.2",
        "recheck": "4.6.0-beta.3",
        "smol-toml": "^1.9.0",
        "strip-json-comments": "^5.0.3",
        "undici": "^6.28.1",
        "zod": "^3.25.0 || ^4.0.0"
      },
      "bin": {
        "pi-mcp-adapter": "cli.js"
      },
      "engines": {
        "node": ">=20"
      },
      "peerDependencies": {
        "@earendil-works/pi-ai": "^0.84.1 || ^0.85.0 || ^0.86.0 || ^0.87.0 || ^0.99.0 || ^1.0.0",
        "@earendil-works/pi-tui": "*",
        "typebox": "*",
        "zod": "^3.25.0 || ^4.0.0"
      },
      "peerDependenciesMeta": {
        "@earendil-works/pi-ai": {
          "optional": true
        }
      }
    },
    "node_modules/pkce-challenge": {
      "version": "5.0.1",
      "resolved": "https://registry.npmjs.org/pkce-challenge/-/pkce-challenge-5.0.1.tgz",
      "integrity": "sha512-wQ0b/W4Fr01qtpHlqSqspcj3EhBvimsdh0KlHhH8HRZnMsEa0ea2fTULOXOS9ccQr3om+GcGRk4e+isrZWV8qQ==",
      "license": "MIT",
      "engines": {
        "node": ">=16.20.0"
      }
    },
    "node_modules/quickjs-wasi": {
      "version": "3.6.2",
      "resolved": "https://registry.npmjs.org/quickjs-wasi/-/quickjs-wasi-3.6.2.tgz",
      "integrity": "sha512-FCqGtGOrMgzUiIrMNMA2YnsOxCNwo31dzqXvclXUC6xeT35NJLKXQJsvbeCTjvoFAwZgEAPg8U6+KAPDGXn8Mg==",
      "license": "MIT"
    },
    "node_modules/recheck": {
      "version": "4.6.0-beta.3",
      "resolved": "https://registry.npmjs.org/recheck/-/recheck-4.6.0-beta.3.tgz",
      "integrity": "sha512-vFGnR2AF6o8O5/gyLoIx5Kcnqdf/e3RLeMbZYgTJAiTIkKFPEFAWKxHiGWOhZDg5ibt46oqN7h+yJE6Gx2HqYw==",
      "license": "MIT",
      "dependencies": {
        "synckit": "0.11.11"
      },
      "engines": {
        "node": ">=20"
      },
      "optionalDependencies": {
        "recheck-jar": "4.6.0-beta.3",
        "recheck-linux-arm64": "4.6.0-beta.3",
        "recheck-linux-x64": "4.6.0-beta.3",
        "recheck-macos-arm64": "4.6.0-beta.3",
        "recheck-macos-x64": "4.6.0-beta.3",
        "recheck-windows-x64": "4.6.0-beta.3"
      }
    },
    "node_modules/recheck-jar": {
      "version": "4.6.0-beta.3",
      "resolved": "https://registry.npmjs.org/recheck-jar/-/recheck-jar-4.6.0-beta.3.tgz",
      "integrity": "sha512-CwADkL99b8QlGcg7vRzuhkzfQebIPO8+IfIOi1HIlzBRUC8k6/zAylmzcavI9rjZD4jVStRR+Px+TnkCOCoXbQ==",
      "license": "MIT",
      "optional": true
    },
    "node_modules/recheck-linux-arm64": {
      "version": "4.6.0-beta.3",
      "resolved": "https://registry.npmjs.org/recheck-linux-arm64/-/recheck-linux-arm64-4.6.0-beta.3.tgz",
      "integrity": "sha512-ym3//7ygvClNCPezhvGhvD/phqQPlEcQpUWbkZVczoOwMjFaJn+7/Gtnt2RXzOMGW1fy2pVGtWAK7B871JTlJA==",
      "cpu": [
        "arm64"
      ],
      "license": "MIT",
      "optional": true,
      "os": [
        "linux"
      ]
    },
    "node_modules/recheck-linux-x64": {
      "version": "4.6.0-beta.3",
      "resolved": "https://registry.npmjs.org/recheck-linux-x64/-/recheck-linux-x64-4.6.0-beta.3.tgz",
      "integrity": "sha512-QBzszyfVO7jZqOh6yjNlulD45BYS0QVReHrPzN2rDWSTs8NnDbWcrXMGo5zSlCsS/hMmuuExbs/jYIZQfqyIsQ==",
      "cpu": [
        "x64"
      ],
      "license": "MIT",
      "optional": true,
      "os": [
        "linux"
      ]
    },
    "node_modules/recheck-macos-arm64": {
      "version": "4.6.0-beta.3",
      "resolved": "https://registry.npmjs.org/recheck-macos-arm64/-/recheck-macos-arm64-4.6.0-beta.3.tgz",
      "integrity": "sha512-28hiCHhgXyA2ZsYxK2L9uzFfcgo1yQ4x9cVqH2HbDRSD9c+B3P5GpxsYWSKk0VFCvMuPjWrqWtGgRQJgIv9dew==",
      "cpu": [
        "arm64"
      ],
      "license": "MIT",
      "optional": true,
      "os": [
        "darwin"
      ]
    },
    "node_modules/recheck-macos-x64": {
      "version": "4.6.0-beta.3",
      "resolved": "https://registry.npmjs.org/recheck-macos-x64/-/recheck-macos-x64-4.6.0-beta.3.tgz",
      "integrity": "sha512-sGb55OMrMC2cygjGktQctgXyWm8p7M+LiyppTvB044yIGbAusShFE6AJaroaeB2rSAivLDRhAfnclZZiRBnyfA==",
      "cpu": [
        "x64"
      ],
      "license": "MIT",
      "optional": true,
      "os": [
        "darwin"
      ]
    },
    "node_modules/recheck-windows-x64": {
      "version": "4.6.0-beta.3",
      "resolved": "https://registry.npmjs.org/recheck-windows-x64/-/recheck-windows-x64-4.6.0-beta.3.tgz",
      "integrity": "sha512-kLASRM4KvltHHY2APe3eDrOdPrZs9bbUEFCiVpCJxxnWMpxqmO465DmU71jIZUIRCf+1y4iyyvMxCYbw8Kw3tQ==",
      "cpu": [
        "x64"
      ],
      "license": "MIT",
      "optional": true,
      "os": [
        "win32"
      ]
    },
    "node_modules/require-from-string": {
      "version": "2.0.2",
      "resolved": "https://registry.npmjs.org/require-from-string/-/require-from-string-2.0.2.tgz",
      "integrity": "sha512-Xf0nWe6RseziFMu+Ap9biiUbmplq6S9/p+7w7YXP/JBHhrUDDUhwa+vANyubuqfZWTveU//DYVGsDG7RKL/vEw==",
      "license": "MIT",
      "engines": {
        "node": ">=0.10.0"
      }
    },
    "node_modules/run-applescript": {
      "version": "7.1.0",
      "resolved": "https://registry.npmjs.org/run-applescript/-/run-applescript-7.1.0.tgz",
      "integrity": "sha512-DPe5pVFaAsinSaV6QjQ6gdiedWDcRCbUuiQfQa2wmWV7+xC9bGulGI8+TdRmoFkAPaBXk8CrAbnlY2ISniJ47Q==",
      "license": "MIT",
      "engines": {
        "node": ">=18"
      },
      "funding": {
        "url": "https://github.com/sponsors/sindresorhus"
      }
    },
    "node_modules/shebang-command": {
      "version": "2.0.0",
      "resolved": "https://registry.npmjs.org/shebang-command/-/shebang-command-2.0.0.tgz",
      "integrity": "sha512-kHxr2zZpYtdmrN1qDjrrX/Z1rR1kG8Dx+gkpK1G4eXmvXswmcE1hTWBWYUzlraYw1/yZp6YuDY77YtvbN0dmDA==",
      "license": "MIT",
      "dependencies": {
        "shebang-regex": "^3.0.0"
      },
      "engines": {
        "node": ">=8"
      }
    },
    "node_modules/shebang-regex": {
      "version": "3.0.0",
      "resolved": "https://registry.npmjs.org/shebang-regex/-/shebang-regex-3.0.0.tgz",
      "integrity": "sha512-7++dFhtcx3353uBaq8DDR4NuxBetBzC7ZQOhmTQInHEd6bSrXdiEyzCvG07Z44UYdLShWUyXt5M/yhz8ekcb1A==",
      "license": "MIT",
      "engines": {
        "node": ">=8"
      }
    },
    "node_modules/smol-toml": {
      "version": "1.9.1",
      "resolved": "https://registry.npmjs.org/smol-toml/-/smol-toml-1.9.1.tgz",
      "integrity": "sha512-j7WyPdf0CJoutMzMoPLF/bVXHtKZIT9Rb4eGeEbWw8X2t5oirjPgpL+OpaENZrILYaXqYwnVH+qgUwVbl+pUJQ==",
      "license": "BSD-3-Clause",
      "engines": {
        "node": ">= 18"
      },
      "funding": {
        "url": "https://github.com/sponsors/cyyynthia"
      }
    },
    "node_modules/strip-json-comments": {
      "version": "5.0.3",
      "resolved": "https://registry.npmjs.org/strip-json-comments/-/strip-json-comments-5.0.3.tgz",
      "integrity": "sha512-1tB5mhVo7U+ETBKNf92xT4hrQa3pm0MZ0PQvuDnWgAAGHDsfp4lPSpiS6psrSiet87wyGPh9ft6wmhOMQ0hDiw==",
      "license": "MIT",
      "engines": {
        "node": ">=14.16"
      },
      "funding": {
        "url": "https://github.com/sponsors/sindresorhus"
      }
    },
    "node_modules/synckit": {
      "version": "0.11.11",
      "resolved": "https://registry.npmjs.org/synckit/-/synckit-0.11.11.tgz",
      "integrity": "sha512-MeQTA1r0litLUf0Rp/iisCaL8761lKAZHaimlbGK4j0HysC4PLfqygQj9srcs0m2RdtDYnF8UuYyKpbjHYp7Jw==",
      "license": "MIT",
      "dependencies": {
        "@pkgr/core": "^0.2.9"
      },
      "engines": {
        "node": "^14.18.0 || >=16.0.0"
      },
      "funding": {
        "url": "https://opencollective.com/synckit"
      }
    },
    "node_modules/typebox": {
      "version": "1.3.36",
      "resolved": "https://registry.npmjs.org/typebox/-/typebox-1.3.36.tgz",
      "integrity": "sha512-bu2Ec2Ti9B4IFSFj1FcZbtLNB/W7igQwxocMGJLAG2NTv1nI+ImtIA34YgHW4CVyGVlJqNXR1GJyLmdWgV3DuA==",
      "license": "MIT",
      "peer": true
    },
    "node_modules/undici": {
      "version": "6.29.0",
      "resolved": "https://registry.npmjs.org/undici/-/undici-6.29.0.tgz",
      "integrity": "sha512-R+RODBqp6i2pPflGdq+xIOUkl+RNfGgHwoinecKu/JCuf2uO06cOKoDbI2P7Dn6KcswdKwrczbU6IYJ6K8X+wg==",
      "license": "MIT",
      "engines": {
        "node": ">=18.17"
      }
    },
    "node_modules/which": {
      "version": "2.0.2",
      "resolved": "https://registry.npmjs.org/which/-/which-2.0.2.tgz",
      "integrity": "sha512-BLI3Tl1TW3Pvl70l3yq3Y64i+awpwXqsGBYWkkqMtnbXgrMD+yj7rhW0kuEDxzJaYXGjEW5ogapKNMEKNMjibA==",
      "license": "ISC",
      "dependencies": {
        "isexe": "^2.0.0"
      },
      "bin": {
        "node-which": "bin/node-which"
      },
      "engines": {
        "node": ">= 8"
      }
    },
    "node_modules/wsl-utils": {
      "version": "0.1.0",
      "resolved": "https://registry.npmjs.org/wsl-utils/-/wsl-utils-0.1.0.tgz",
      "integrity": "sha512-h3Fbisa2nKGPxCpm89Hk33lBLsnaGBvctQopaBSOW/uIs6FTe1ATyAnKFJrzVs9vpGdsTe73WF3V4lIsk4Gacw==",
      "license": "MIT",
      "dependencies": {
        "is-wsl": "^3.1.0"
      },
      "engines": {
        "node": ">=18"
      },
      "funding": {
        "url": "https://github.com/sponsors/sindresorhus"
      }
    },
    "node_modules/zod": {
      "version": "4.6.5",
      "resolved": "https://registry.npmjs.org/zod/-/zod-4.6.5.tgz",
      "integrity": "sha512-v5l/aFXZQeai4awLbOpSoHecE9UiMrnfx75tEXLjNonXVARxQ5mOeipTjROUchszUNCqnE+hqAMujRsRHsut2Q==",
      "license": "MIT",
      "funding": {
        "url": "https://github.com/sponsors/colinhacks"
      }
    }
  }
}
